// !$*UTF8*$!
{
	archiveVersion = 1;
	classes = {
	};
	objectVersion = 55;
	objects = {

/* Begin PBXBuildFile section */
		C0016969282C4E1800523EFF /* Tests_iOS.swift in Sources */ = {isa = PBXBuildFile; fileRef = C0016968282C4E1800523EFF /* Tests_iOS.swift */; };
		C001696B282C4E1800523EFF /* Tests_iOSLaunchTests.swift in Sources */ = {isa = PBXBuildFile; fileRef = C001696A282C4E1800523EFF /* Tests_iOSLaunchTests.swift */; };
		C0016975282C4E1800523EFF /* Tests_macOS.swift in Sources */ = {isa = PBXBuildFile; fileRef = C0016974282C4E1800523EFF /* Tests_macOS.swift */; };
		C0016977282C4E1800523EFF /* Tests_macOSLaunchTests.swift in Sources */ = {isa = PBXBuildFile; fileRef = C0016976282C4E1800523EFF /* Tests_macOSLaunchTests.swift */; };
		C0016978282C4E1800523EFF /* usebetterApp.swift in Sources */ = {isa = PBXBuildFile; fileRef = C0016950282C4E1600523EFF /* usebetterApp.swift */; };
		C0016979282C4E1800523EFF /* usebetterApp.swift in Sources */ = {isa = PBXBuildFile; fileRef = C0016950282C4E1600523EFF /* usebetterApp.swift */; };
		C001697A282C4E1800523EFF /* ContentView.swift in Sources */ = {isa = PBXBuildFile; fileRef = C0016951282C4E1600523EFF /* ContentView.swift */; };
		C001697B282C4E1800523EFF /* ContentView.swift in Sources */ = {isa = PBXBuildFile; fileRef = C0016951282C4E1600523EFF /* ContentView.swift */; };
		C001697C282C4E1800523EFF /* Assets.xcassets in Resources */ = {isa = PBXBuildFile; fileRef = C0016952282C4E1800523EFF /* Assets.xcassets */; };
		C001697D282C4E1800523EFF /* Assets.xcassets in Resources */ = {isa = PBXBuildFile; fileRef = C0016952282C4E1800523EFF /* Assets.xcassets */; };
		C001698D282CB23F00523EFF /* ViewRouter.swift in Sources */ = {isa = PBXBuildFile; fileRef = C001698C282CB23F00523EFF /* ViewRouter.swift */; };
		C001698E282CB23F00523EFF /* ViewRouter.swift in Sources */ = {isa = PBXBuildFile; fileRef = C001698C282CB23F00523EFF /* ViewRouter.swift */; };
		C0016993282CB4D000523EFF /* DashboardView.swift in Sources */ = {isa = PBXBuildFile; fileRef = C0016992282CB4D000523EFF /* DashboardView.swift */; };
		C0016994282CB4D000523EFF /* DashboardView.swift in Sources */ = {isa = PBXBuildFile; fileRef = C0016992282CB4D000523EFF /* DashboardView.swift */; };
		C0016996282CD49D00523EFF /* DashboardHomeView.swift in Sources */ = {isa = PBXBuildFile; fileRef = C0016995282CD49D00523EFF /* DashboardHomeView.swift */; };
		C0016997282CD49D00523EFF /* DashboardHomeView.swift in Sources */ = {isa = PBXBuildFile; fileRef = C0016995282CD49D00523EFF /* DashboardHomeView.swift */; };
		C001699E282D921E00523EFF /* DashboardHomeViewModel.swift in Sources */ = {isa = PBXBuildFile; fileRef = C001699D282D921E00523EFF /* DashboardHomeViewModel.swift */; };
		C001699F282D921E00523EFF /* DashboardHomeViewModel.swift in Sources */ = {isa = PBXBuildFile; fileRef = C001699D282D921E00523EFF /* DashboardHomeViewModel.swift */; };
		C00169A1282D92D300523EFF /* UBItem.swift in Sources */ = {isa = PBXBuildFile; fileRef = C00169A0282D92D300523EFF /* UBItem.swift */; };
		C00169A2282D92D300523EFF /* UBItem.swift in Sources */ = {isa = PBXBuildFile; fileRef = C00169A0282D92D300523EFF /* UBItem.swift */; };
		C00169D7282E203800523EFF /* DashboardMyStuffView.swift in Sources */ = {isa = PBXBuildFile; fileRef = C00169D6282E203800523EFF /* DashboardMyStuffView.swift */; };
		C00169D8282E203800523EFF /* DashboardMyStuffView.swift in Sources */ = {isa = PBXBuildFile; fileRef = C00169D6282E203800523EFF /* DashboardMyStuffView.swift */; };
		C00169DA282E225900523EFF /* AddItemView.swift in Sources */ = {isa = PBXBuildFile; fileRef = C00169D9282E225900523EFF /* AddItemView.swift */; };
		C00169DB282E225900523EFF /* AddItemView.swift in Sources */ = {isa = PBXBuildFile; fileRef = C00169D9282E225900523EFF /* AddItemView.swift */; };
		C00169DD28317C1400523EFF /* URLParser.swift in Sources */ = {isa = PBXBuildFile; fileRef = C00169DC28317C1400523EFF /* URLParser.swift */; };
		C00169DE28317C1400523EFF /* URLParser.swift in Sources */ = {isa = PBXBuildFile; fileRef = C00169DC28317C1400523EFF /* URLParser.swift */; };
		C00169E12831804E00523EFF /* SwiftSoup in Frameworks */ = {isa = PBXBuildFile; productRef = C00169E02831804E00523EFF /* SwiftSoup */; };
		C00169E42836084400523EFF /* UserFeedModel.swift in Sources */ = {isa = PBXBuildFile; fileRef = C00169E32836084400523EFF /* UserFeedModel.swift */; };
		C00169E52836084400523EFF /* UserFeedModel.swift in Sources */ = {isa = PBXBuildFile; fileRef = C00169E32836084400523EFF /* UserFeedModel.swift */; };
		C00169E72836086400523EFF /* FriendsFeedModel.swift in Sources */ = {isa = PBXBuildFile; fileRef = C00169E62836086400523EFF /* FriendsFeedModel.swift */; };
		C00169E82836086400523EFF /* FriendsFeedModel.swift in Sources */ = {isa = PBXBuildFile; fileRef = C00169E62836086400523EFF /* FriendsFeedModel.swift */; };
		C00169EA2838A65600523EFF /* UpdateItemView.swift in Sources */ = {isa = PBXBuildFile; fileRef = C00169E92838A65600523EFF /* UpdateItemView.swift */; };
		C00169EB2838A65600523EFF /* UpdateItemView.swift in Sources */ = {isa = PBXBuildFile; fileRef = C00169E92838A65600523EFF /* UpdateItemView.swift */; };
		C00169ED2838A69F00523EFF /* ReadOnlyItemView.swift in Sources */ = {isa = PBXBuildFile; fileRef = C00169EC2838A69F00523EFF /* ReadOnlyItemView.swift */; };
		C00169EE2838A69F00523EFF /* ReadOnlyItemView.swift in Sources */ = {isa = PBXBuildFile; fileRef = C00169EC2838A69F00523EFF /* ReadOnlyItemView.swift */; };
		C00169F328396B5B00523EFF /* ContactPicker.swift in Sources */ = {isa = PBXBuildFile; fileRef = C00169F228396B5B00523EFF /* ContactPicker.swift */; };
		C00169F428396B5B00523EFF /* ContactPicker.swift in Sources */ = {isa = PBXBuildFile; fileRef = C00169F228396B5B00523EFF /* ContactPicker.swift */; };
		C0016A03283A081F00523EFF /* amplify in Resources */ = {isa = PBXBuildFile; fileRef = C0016A00283A081F00523EFF /* amplify */; };
		C0016A04283A081F00523EFF /* amplify in Resources */ = {isa = PBXBuildFile; fileRef = C0016A00283A081F00523EFF /* amplify */; };
		C0016A05283A081F00523EFF /* awsconfiguration.json in Resources */ = {isa = PBXBuildFile; fileRef = C0016A01283A081F00523EFF /* awsconfiguration.json */; };
		C0016A06283A081F00523EFF /* awsconfiguration.json in Resources */ = {isa = PBXBuildFile; fileRef = C0016A01283A081F00523EFF /* awsconfiguration.json */; };
		C0016A07283A081F00523EFF /* amplifyconfiguration.json in Resources */ = {isa = PBXBuildFile; fileRef = C0016A02283A081F00523EFF /* amplifyconfiguration.json */; };
		C0016A08283A081F00523EFF /* amplifyconfiguration.json in Resources */ = {isa = PBXBuildFile; fileRef = C0016A02283A081F00523EFF /* amplifyconfiguration.json */; };
		C0016A0A283A08BE00523EFF /* AppDelegate.swift in Sources */ = {isa = PBXBuildFile; fileRef = C0016A09283A08BE00523EFF /* AppDelegate.swift */; };
		C0016A0B283A08BE00523EFF /* AppDelegate.swift in Sources */ = {isa = PBXBuildFile; fileRef = C0016A09283A08BE00523EFF /* AppDelegate.swift */; };
		C0016A19283AD45300523EFF /* AccountManager.swift in Sources */ = {isa = PBXBuildFile; fileRef = C0016A18283AD45300523EFF /* AccountManager.swift */; };
		C0016A1A283AD45300523EFF /* AccountManager.swift in Sources */ = {isa = PBXBuildFile; fileRef = C0016A18283AD45300523EFF /* AccountManager.swift */; };
		C0016A1C2842864A00523EFF /* DashboardSettingsView.swift in Sources */ = {isa = PBXBuildFile; fileRef = C0016A1B2842864A00523EFF /* DashboardSettingsView.swift */; };
		C0016A1D2842864A00523EFF /* DashboardSettingsView.swift in Sources */ = {isa = PBXBuildFile; fileRef = C0016A1B2842864A00523EFF /* DashboardSettingsView.swift */; };
		C021F446294AB385009A5E1C /* Logger.swift in Sources */ = {isa = PBXBuildFile; fileRef = C021F445294AB385009A5E1C /* Logger.swift */; };
		C021F447294AB385009A5E1C /* Logger.swift in Sources */ = {isa = PBXBuildFile; fileRef = C021F445294AB385009A5E1C /* Logger.swift */; };
		C02F43F8295FF24400A76EC9 /* GoogleSignIn in Frameworks */ = {isa = PBXBuildFile; productRef = C02F43F7295FF24400A76EC9 /* GoogleSignIn */; };
		C02F43FA295FF24400A76EC9 /* GoogleSignInSwift in Frameworks */ = {isa = PBXBuildFile; productRef = C02F43F9295FF24400A76EC9 /* GoogleSignInSwift */; };
		C02F44012960CB2100A76EC9 /* UBEvent+Schema.swift in Sources */ = {isa = PBXBuildFile; fileRef = C02F43FE2960CB2100A76EC9 /* UBEvent+Schema.swift */; };
		C02F44022960CB2100A76EC9 /* AmplifyModels.swift in Sources */ = {isa = PBXBuildFile; fileRef = C02F43FF2960CB2100A76EC9 /* AmplifyModels.swift */; };
		C02F44032960CB2100A76EC9 /* UBEvent.swift in Sources */ = {isa = PBXBuildFile; fileRef = C02F44002960CB2100A76EC9 /* UBEvent.swift */; };
		C02F440529611C8300A76EC9 /* ValidateSignUpView.swift in Sources */ = {isa = PBXBuildFile; fileRef = C02F440429611C8300A76EC9 /* ValidateSignUpView.swift */; };
		C04C20EE29635A5100936726 /* UBNavigationStackView.swift in Sources */ = {isa = PBXBuildFile; fileRef = C04C20ED29635A5100936726 /* UBNavigationStackView.swift */; };
		C04C20EF29635A5100936726 /* UBNavigationStackView.swift in Sources */ = {isa = PBXBuildFile; fileRef = C04C20ED29635A5100936726 /* UBNavigationStackView.swift */; };
		C04C20F229637F3A00936726 /* UBConstants.swift in Sources */ = {isa = PBXBuildFile; fileRef = C04C20F129637F3A00936726 /* UBConstants.swift */; };
		C04C20F329637F3B00936726 /* UBConstants.swift in Sources */ = {isa = PBXBuildFile; fileRef = C04C20F129637F3A00936726 /* UBConstants.swift */; };
		C04C20F52963808C00936726 /* UBAsyncImage.swift in Sources */ = {isa = PBXBuildFile; fileRef = C04C20F42963808C00936726 /* UBAsyncImage.swift */; };
		C04C20F62963808C00936726 /* UBAsyncImage.swift in Sources */ = {isa = PBXBuildFile; fileRef = C04C20F42963808C00936726 /* UBAsyncImage.swift */; };
		C08DA3F3294D5C5E00E8AF98 /* FirebaseAnalytics in Frameworks */ = {isa = PBXBuildFile; productRef = C08DA3F2294D5C5E00E8AF98 /* FirebaseAnalytics */; };
		C08DA3F5294D5C5E00E8AF98 /* FirebaseAnalyticsSwift in Frameworks */ = {isa = PBXBuildFile; productRef = C08DA3F4294D5C5E00E8AF98 /* FirebaseAnalyticsSwift */; };
		C08DA3F7294D5C5E00E8AF98 /* FirebaseCrashlytics in Frameworks */ = {isa = PBXBuildFile; productRef = C08DA3F6294D5C5E00E8AF98 /* FirebaseCrashlytics */; };
		C08DA3F9294D5C5E00E8AF98 /* FirebaseMessaging in Frameworks */ = {isa = PBXBuildFile; productRef = C08DA3F8294D5C5E00E8AF98 /* FirebaseMessaging */; };
		C08DA3FC294D615000E8AF98 /* GoogleService-Info.plist in Resources */ = {isa = PBXBuildFile; fileRef = C08DA3FB294D615000E8AF98 /* GoogleService-Info.plist */; };
		C0C1EDFA2859622E00EB6AD5 /* graphql in Resources */ = {isa = PBXBuildFile; fileRef = C0C1EDF92859622E00EB6AD5 /* graphql */; };
		C0DB2FCE29A2679900DFAA9E /* UBFriends+Schema.swift in Sources */ = {isa = PBXBuildFile; fileRef = C0DB2FCA29A2679800DFAA9E /* UBFriends+Schema.swift */; };
		C0DB2FCF29A2679900DFAA9E /* UBUser+Schema.swift in Sources */ = {isa = PBXBuildFile; fileRef = C0DB2FCB29A2679800DFAA9E /* UBUser+Schema.swift */; };
		C0DB2FD029A2679900DFAA9E /* UBUser.swift in Sources */ = {isa = PBXBuildFile; fileRef = C0DB2FCC29A2679800DFAA9E /* UBUser.swift */; };
		C0DB2FD129A2679900DFAA9E /* UBFriends.swift in Sources */ = {isa = PBXBuildFile; fileRef = C0DB2FCD29A2679900DFAA9E /* UBFriends.swift */; };
		C0DB2FD329A269CC00DFAA9E /* UserInfoModel.swift in Sources */ = {isa = PBXBuildFile; fileRef = C0DB2FD229A269CC00DFAA9E /* UserInfoModel.swift */; };
		C0DB2FD529A3C00000DFAA9E /* AppUserDefaults.swift in Sources */ = {isa = PBXBuildFile; fileRef = C0DB2FD429A3C00000DFAA9E /* AppUserDefaults.swift */; };
		C0DDD586295CB10300516EAF /* SignUpWithAppleVIewModel.swift in Sources */ = {isa = PBXBuildFile; fileRef = C0DDD582295CB10300516EAF /* SignUpWithAppleVIewModel.swift */; };
		C0DDD587295CB10300516EAF /* SignUPView.swift in Sources */ = {isa = PBXBuildFile; fileRef = C0DDD583295CB10300516EAF /* SignUPView.swift */; };
		C0DDD588295CB10300516EAF /* SignUpWithAppleView.swift in Sources */ = {isa = PBXBuildFile; fileRef = C0DDD584295CB10300516EAF /* SignUpWithAppleView.swift */; };
		C0DDD589295CB10300516EAF /* LoginOptionsView.swift in Sources */ = {isa = PBXBuildFile; fileRef = C0DDD585295CB10300516EAF /* LoginOptionsView.swift */; };
		C0DDD58C295D0B1B00516EAF /* AWSAPIPlugin in Frameworks */ = {isa = PBXBuildFile; productRef = C0DDD58B295D0B1B00516EAF /* AWSAPIPlugin */; };
		C0DDD58E295D0B1B00516EAF /* AWSCognitoAuthPlugin in Frameworks */ = {isa = PBXBuildFile; productRef = C0DDD58D295D0B1B00516EAF /* AWSCognitoAuthPlugin */; };
		C0DDD590295D0B1B00516EAF /* AWSDataStorePlugin in Frameworks */ = {isa = PBXBuildFile; productRef = C0DDD58F295D0B1B00516EAF /* AWSDataStorePlugin */; };
		C0DDD592295D0B1B00516EAF /* AWSPinpointAnalyticsPlugin in Frameworks */ = {isa = PBXBuildFile; productRef = C0DDD591295D0B1B00516EAF /* AWSPinpointAnalyticsPlugin */; };
		C0DDD594295D0B1B00516EAF /* AWSPluginsCore in Frameworks */ = {isa = PBXBuildFile; productRef = C0DDD593295D0B1B00516EAF /* AWSPluginsCore */; };
		C0DDD596295D0B1B00516EAF /* AWSS3StoragePlugin in Frameworks */ = {isa = PBXBuildFile; productRef = C0DDD595295D0B1B00516EAF /* AWSS3StoragePlugin */; };
		C0DDD598295D0B1B00516EAF /* Amplify in Frameworks */ = {isa = PBXBuildFile; productRef = C0DDD597295D0B1B00516EAF /* Amplify */; };
		C0E4ED2728429EEE002C29AA /* SplashView.swift in Sources */ = {isa = PBXBuildFile; fileRef = C0E4ED2628429EEE002C29AA /* SplashView.swift */; };
		C0E4ED2828429EEE002C29AA /* SplashView.swift in Sources */ = {isa = PBXBuildFile; fileRef = C0E4ED2628429EEE002C29AA /* SplashView.swift */; };
		C0E4ED2A284314C6002C29AA /* S3FileManager.swift in Sources */ = {isa = PBXBuildFile; fileRef = C0E4ED29284314C6002C29AA /* S3FileManager.swift */; };
		C0E4ED2B284314C6002C29AA /* S3FileManager.swift in Sources */ = {isa = PBXBuildFile; fileRef = C0E4ED29284314C6002C29AA /* S3FileManager.swift */; };
		C0E4ED2D28431C42002C29AA /* JSONInterpreter.swift in Sources */ = {isa = PBXBuildFile; fileRef = C0E4ED2C28431C42002C29AA /* JSONInterpreter.swift */; };
		C0E4ED2E28431C42002C29AA /* JSONInterpreter.swift in Sources */ = {isa = PBXBuildFile; fileRef = C0E4ED2C28431C42002C29AA /* JSONInterpreter.swift */; };
		C0E4ED3028457926002C29AA /* ContactHelper.swift in Sources */ = {isa = PBXBuildFile; fileRef = C0E4ED2F28457926002C29AA /* ContactHelper.swift */; };
		C0E4ED3128457926002C29AA /* ContactHelper.swift in Sources */ = {isa = PBXBuildFile; fileRef = C0E4ED2F28457926002C29AA /* ContactHelper.swift */; };
		C0E4ED3428458BB2002C29AA /* EventsModel.swift in Sources */ = {isa = PBXBuildFile; fileRef = C0E4ED3328458BB2002C29AA /* EventsModel.swift */; };
		C0E4ED3528458BB2002C29AA /* EventsModel.swift in Sources */ = {isa = PBXBuildFile; fileRef = C0E4ED3328458BB2002C29AA /* EventsModel.swift */; };
		C0E4ED372845B664002C29AA /* DashboardEventsView.swift in Sources */ = {isa = PBXBuildFile; fileRef = C0E4ED362845B664002C29AA /* DashboardEventsView.swift */; };
		C0E4ED382845B664002C29AA /* DashboardEventsView.swift in Sources */ = {isa = PBXBuildFile; fileRef = C0E4ED362845B664002C29AA /* DashboardEventsView.swift */; };
		C0E4ED3A2845D614002C29AA /* ActionItemView.swift in Sources */ = {isa = PBXBuildFile; fileRef = C0E4ED392845D614002C29AA /* ActionItemView.swift */; };
		C0E4ED3B2845D614002C29AA /* ActionItemView.swift in Sources */ = {isa = PBXBuildFile; fileRef = C0E4ED392845D614002C29AA /* ActionItemView.swift */; };
		C0E4ED3D28488856002C29AA /* DashboardEventsViewModel.swift in Sources */ = {isa = PBXBuildFile; fileRef = C0E4ED3C28488856002C29AA /* DashboardEventsViewModel.swift */; };
		C0E4ED3E28488856002C29AA /* DashboardEventsViewModel.swift in Sources */ = {isa = PBXBuildFile; fileRef = C0E4ED3C28488856002C29AA /* DashboardEventsViewModel.swift */; };
		C0E4ED40284C28F3002C29AA /* WebContentView.swift in Sources */ = {isa = PBXBuildFile; fileRef = C0E4ED3F284C28F3002C29AA /* WebContentView.swift */; };
		C0E4ED41284C28F3002C29AA /* WebContentView.swift in Sources */ = {isa = PBXBuildFile; fileRef = C0E4ED3F284C28F3002C29AA /* WebContentView.swift */; };
/* End PBXBuildFile section */

/* Begin PBXContainerItemProxy section */
		C0016965282C4E1800523EFF /* PBXContainerItemProxy */ = {
			isa = PBXContainerItemProxy;
			containerPortal = C001694B282C4E1600523EFF /* Project object */;
			proxyType = 1;
			remoteGlobalIDString = C0016956282C4E1800523EFF;
			remoteInfo = "usebetter (iOS)";
		};
		C0016971282C4E1800523EFF /* PBXContainerItemProxy */ = {
			isa = PBXContainerItemProxy;
			containerPortal = C001694B282C4E1600523EFF /* Project object */;
			proxyType = 1;
			remoteGlobalIDString = C001695C282C4E1800523EFF;
			remoteInfo = "usebetter (macOS)";
		};
/* End PBXContainerItemProxy section */

/* Begin PBXFileReference section */
		C0016950282C4E1600523EFF /* usebetterApp.swift */ = {isa = PBXFileReference; lastKnownFileType = sourcecode.swift; path = usebetterApp.swift; sourceTree = "<group>"; };
		C0016951282C4E1600523EFF /* ContentView.swift */ = {isa = PBXFileReference; lastKnownFileType = sourcecode.swift; path = ContentView.swift; sourceTree = "<group>"; };
		C0016952282C4E1800523EFF /* Assets.xcassets */ = {isa = PBXFileReference; lastKnownFileType = folder.assetcatalog; path = Assets.xcassets; sourceTree = "<group>"; };
		C0016957282C4E1800523EFF /* usebetter.app */ = {isa = PBXFileReference; explicitFileType = wrapper.application; includeInIndex = 0; path = usebetter.app; sourceTree = BUILT_PRODUCTS_DIR; };
		C001695D282C4E1800523EFF /* usebetter.app */ = {isa = PBXFileReference; explicitFileType = wrapper.application; includeInIndex = 0; path = usebetter.app; sourceTree = BUILT_PRODUCTS_DIR; };
		C001695F282C4E1800523EFF /* macOS.entitlements */ = {isa = PBXFileReference; lastKnownFileType = text.plist.entitlements; path = macOS.entitlements; sourceTree = "<group>"; };
		C0016964282C4E1800523EFF /* Tests iOS.xctest */ = {isa = PBXFileReference; explicitFileType = wrapper.cfbundle; includeInIndex = 0; path = "Tests iOS.xctest"; sourceTree = BUILT_PRODUCTS_DIR; };
		C0016968282C4E1800523EFF /* Tests_iOS.swift */ = {isa = PBXFileReference; lastKnownFileType = sourcecode.swift; path = Tests_iOS.swift; sourceTree = "<group>"; };
		C001696A282C4E1800523EFF /* Tests_iOSLaunchTests.swift */ = {isa = PBXFileReference; lastKnownFileType = sourcecode.swift; path = Tests_iOSLaunchTests.swift; sourceTree = "<group>"; };
		C0016970282C4E1800523EFF /* Tests macOS.xctest */ = {isa = PBXFileReference; explicitFileType = wrapper.cfbundle; includeInIndex = 0; path = "Tests macOS.xctest"; sourceTree = BUILT_PRODUCTS_DIR; };
		C0016974282C4E1800523EFF /* Tests_macOS.swift */ = {isa = PBXFileReference; lastKnownFileType = sourcecode.swift; path = Tests_macOS.swift; sourceTree = "<group>"; };
		C0016976282C4E1800523EFF /* Tests_macOSLaunchTests.swift */ = {isa = PBXFileReference; lastKnownFileType = sourcecode.swift; path = Tests_macOSLaunchTests.swift; sourceTree = "<group>"; };
		C001698C282CB23F00523EFF /* ViewRouter.swift */ = {isa = PBXFileReference; lastKnownFileType = sourcecode.swift; path = ViewRouter.swift; sourceTree = "<group>"; };
		C0016992282CB4D000523EFF /* DashboardView.swift */ = {isa = PBXFileReference; lastKnownFileType = sourcecode.swift; path = DashboardView.swift; sourceTree = "<group>"; };
		C0016995282CD49D00523EFF /* DashboardHomeView.swift */ = {isa = PBXFileReference; lastKnownFileType = sourcecode.swift; path = DashboardHomeView.swift; sourceTree = "<group>"; };
		C001699D282D921E00523EFF /* DashboardHomeViewModel.swift */ = {isa = PBXFileReference; lastKnownFileType = sourcecode.swift; path = DashboardHomeViewModel.swift; sourceTree = "<group>"; };
		C00169A0282D92D300523EFF /* UBItem.swift */ = {isa = PBXFileReference; lastKnownFileType = sourcecode.swift; path = UBItem.swift; sourceTree = "<group>"; };
		C00169D6282E203800523EFF /* DashboardMyStuffView.swift */ = {isa = PBXFileReference; lastKnownFileType = sourcecode.swift; path = DashboardMyStuffView.swift; sourceTree = "<group>"; };
		C00169D9282E225900523EFF /* AddItemView.swift */ = {isa = PBXFileReference; lastKnownFileType = sourcecode.swift; path = AddItemView.swift; sourceTree = "<group>"; };
		C00169DC28317C1400523EFF /* URLParser.swift */ = {isa = PBXFileReference; lastKnownFileType = sourcecode.swift; path = URLParser.swift; sourceTree = "<group>"; };
		C00169E32836084400523EFF /* UserFeedModel.swift */ = {isa = PBXFileReference; lastKnownFileType = sourcecode.swift; path = UserFeedModel.swift; sourceTree = "<group>"; };
		C00169E62836086400523EFF /* FriendsFeedModel.swift */ = {isa = PBXFileReference; lastKnownFileType = sourcecode.swift; path = FriendsFeedModel.swift; sourceTree = "<group>"; };
		C00169E92838A65600523EFF /* UpdateItemView.swift */ = {isa = PBXFileReference; lastKnownFileType = sourcecode.swift; path = UpdateItemView.swift; sourceTree = "<group>"; };
		C00169EC2838A69F00523EFF /* ReadOnlyItemView.swift */ = {isa = PBXFileReference; lastKnownFileType = sourcecode.swift; path = ReadOnlyItemView.swift; sourceTree = "<group>"; };
		C00169F228396B5B00523EFF /* ContactPicker.swift */ = {isa = PBXFileReference; lastKnownFileType = sourcecode.swift; path = ContactPicker.swift; sourceTree = "<group>"; };
		C0016A00283A081F00523EFF /* amplify */ = {isa = PBXFileReference; lastKnownFileType = folder; path = amplify; sourceTree = "<group>"; };
		C0016A01283A081F00523EFF /* awsconfiguration.json */ = {isa = PBXFileReference; fileEncoding = 4; lastKnownFileType = text.json; path = awsconfiguration.json; sourceTree = "<group>"; };
		C0016A02283A081F00523EFF /* amplifyconfiguration.json */ = {isa = PBXFileReference; fileEncoding = 4; lastKnownFileType = text.json; path = amplifyconfiguration.json; sourceTree = "<group>"; };
		C0016A09283A08BE00523EFF /* AppDelegate.swift */ = {isa = PBXFileReference; lastKnownFileType = sourcecode.swift; path = AppDelegate.swift; sourceTree = "<group>"; };
		C0016A18283AD45300523EFF /* AccountManager.swift */ = {isa = PBXFileReference; lastKnownFileType = sourcecode.swift; path = AccountManager.swift; sourceTree = "<group>"; };
		C0016A1B2842864A00523EFF /* DashboardSettingsView.swift */ = {isa = PBXFileReference; lastKnownFileType = sourcecode.swift; path = DashboardSettingsView.swift; sourceTree = "<group>"; };
		C021F445294AB385009A5E1C /* Logger.swift */ = {isa = PBXFileReference; lastKnownFileType = sourcecode.swift; path = Logger.swift; sourceTree = "<group>"; };
		C02F43FE2960CB2100A76EC9 /* UBEvent+Schema.swift */ = {isa = PBXFileReference; fileEncoding = 4; lastKnownFileType = sourcecode.swift; name = "UBEvent+Schema.swift"; path = "amplify/generated/models/UBEvent+Schema.swift"; sourceTree = SOURCE_ROOT; };
		C02F43FF2960CB2100A76EC9 /* AmplifyModels.swift */ = {isa = PBXFileReference; fileEncoding = 4; lastKnownFileType = sourcecode.swift; name = AmplifyModels.swift; path = amplify/generated/models/AmplifyModels.swift; sourceTree = SOURCE_ROOT; };
		C02F44002960CB2100A76EC9 /* UBEvent.swift */ = {isa = PBXFileReference; fileEncoding = 4; lastKnownFileType = sourcecode.swift; name = UBEvent.swift; path = amplify/generated/models/UBEvent.swift; sourceTree = SOURCE_ROOT; };
		C02F440429611C8300A76EC9 /* ValidateSignUpView.swift */ = {isa = PBXFileReference; lastKnownFileType = sourcecode.swift; path = ValidateSignUpView.swift; sourceTree = "<group>"; };
		C04C20ED29635A5100936726 /* UBNavigationStackView.swift */ = {isa = PBXFileReference; lastKnownFileType = sourcecode.swift; path = UBNavigationStackView.swift; sourceTree = "<group>"; };
		C04C20F129637F3A00936726 /* UBConstants.swift */ = {isa = PBXFileReference; lastKnownFileType = sourcecode.swift; path = UBConstants.swift; sourceTree = "<group>"; };
		C04C20F42963808C00936726 /* UBAsyncImage.swift */ = {isa = PBXFileReference; lastKnownFileType = sourcecode.swift; path = UBAsyncImage.swift; sourceTree = "<group>"; };
		C08DA3FA294D5FFF00E8AF98 /* usebetter (iOS).entitlements */ = {isa = PBXFileReference; lastKnownFileType = text.plist.entitlements; path = "usebetter (iOS).entitlements"; sourceTree = "<group>"; };
		C08DA3FB294D615000E8AF98 /* GoogleService-Info.plist */ = {isa = PBXFileReference; fileEncoding = 4; lastKnownFileType = text.plist.xml; path = "GoogleService-Info.plist"; sourceTree = "<group>"; };
		C0C1EDF92859622E00EB6AD5 /* graphql */ = {isa = PBXFileReference; lastKnownFileType = folder; path = graphql; sourceTree = "<group>"; };
		C0DB2FCA29A2679800DFAA9E /* UBFriends+Schema.swift */ = {isa = PBXFileReference; fileEncoding = 4; lastKnownFileType = sourcecode.swift; name = "UBFriends+Schema.swift"; path = "amplify/generated/models/UBFriends+Schema.swift"; sourceTree = SOURCE_ROOT; };
		C0DB2FCB29A2679800DFAA9E /* UBUser+Schema.swift */ = {isa = PBXFileReference; fileEncoding = 4; lastKnownFileType = sourcecode.swift; name = "UBUser+Schema.swift"; path = "amplify/generated/models/UBUser+Schema.swift"; sourceTree = SOURCE_ROOT; };
		C0DB2FCC29A2679800DFAA9E /* UBUser.swift */ = {isa = PBXFileReference; fileEncoding = 4; lastKnownFileType = sourcecode.swift; name = UBUser.swift; path = amplify/generated/models/UBUser.swift; sourceTree = SOURCE_ROOT; };
		C0DB2FCD29A2679900DFAA9E /* UBFriends.swift */ = {isa = PBXFileReference; fileEncoding = 4; lastKnownFileType = sourcecode.swift; name = UBFriends.swift; path = amplify/generated/models/UBFriends.swift; sourceTree = SOURCE_ROOT; };
		C0DB2FD229A269CC00DFAA9E /* UserInfoModel.swift */ = {isa = PBXFileReference; lastKnownFileType = sourcecode.swift; path = UserInfoModel.swift; sourceTree = "<group>"; };
		C0DB2FD429A3C00000DFAA9E /* AppUserDefaults.swift */ = {isa = PBXFileReference; lastKnownFileType = sourcecode.swift; path = AppUserDefaults.swift; sourceTree = "<group>"; };
		C0DDD582295CB10300516EAF /* SignUpWithAppleVIewModel.swift */ = {isa = PBXFileReference; fileEncoding = 4; lastKnownFileType = sourcecode.swift; path = SignUpWithAppleVIewModel.swift; sourceTree = "<group>"; };
		C0DDD583295CB10300516EAF /* SignUPView.swift */ = {isa = PBXFileReference; fileEncoding = 4; lastKnownFileType = sourcecode.swift; path = SignUPView.swift; sourceTree = "<group>"; };
		C0DDD584295CB10300516EAF /* SignUpWithAppleView.swift */ = {isa = PBXFileReference; fileEncoding = 4; lastKnownFileType = sourcecode.swift; path = SignUpWithAppleView.swift; sourceTree = "<group>"; };
		C0DDD585295CB10300516EAF /* LoginOptionsView.swift */ = {isa = PBXFileReference; fileEncoding = 4; lastKnownFileType = sourcecode.swift; path = LoginOptionsView.swift; sourceTree = "<group>"; };
		C0E4ED2628429EEE002C29AA /* SplashView.swift */ = {isa = PBXFileReference; lastKnownFileType = sourcecode.swift; path = SplashView.swift; sourceTree = "<group>"; };
		C0E4ED29284314C6002C29AA /* S3FileManager.swift */ = {isa = PBXFileReference; lastKnownFileType = sourcecode.swift; path = S3FileManager.swift; sourceTree = "<group>"; };
		C0E4ED2C28431C42002C29AA /* JSONInterpreter.swift */ = {isa = PBXFileReference; lastKnownFileType = sourcecode.swift; path = JSONInterpreter.swift; sourceTree = "<group>"; };
		C0E4ED2F28457926002C29AA /* ContactHelper.swift */ = {isa = PBXFileReference; lastKnownFileType = sourcecode.swift; path = ContactHelper.swift; sourceTree = "<group>"; };
		C0E4ED32284585A2002C29AA /* usebetter--iOS--Info.plist */ = {isa = PBXFileReference; lastKnownFileType = text.plist; path = "usebetter--iOS--Info.plist"; sourceTree = "<group>"; };
		C0E4ED3328458BB2002C29AA /* EventsModel.swift */ = {isa = PBXFileReference; lastKnownFileType = sourcecode.swift; path = EventsModel.swift; sourceTree = "<group>"; };
		C0E4ED362845B664002C29AA /* DashboardEventsView.swift */ = {isa = PBXFileReference; lastKnownFileType = sourcecode.swift; path = DashboardEventsView.swift; sourceTree = "<group>"; };
		C0E4ED392845D614002C29AA /* ActionItemView.swift */ = {isa = PBXFileReference; lastKnownFileType = sourcecode.swift; path = ActionItemView.swift; sourceTree = "<group>"; };
		C0E4ED3C28488856002C29AA /* DashboardEventsViewModel.swift */ = {isa = PBXFileReference; lastKnownFileType = sourcecode.swift; path = DashboardEventsViewModel.swift; sourceTree = "<group>"; };
		C0E4ED3F284C28F3002C29AA /* WebContentView.swift */ = {isa = PBXFileReference; lastKnownFileType = sourcecode.swift; path = WebContentView.swift; sourceTree = "<group>"; };
/* End PBXFileReference section */

/* Begin PBXFrameworksBuildPhase section */
		C0016954282C4E1800523EFF /* Frameworks */ = {
			isa = PBXFrameworksBuildPhase;
			buildActionMask = 2147483647;
			files = (
				C0DDD58C295D0B1B00516EAF /* AWSAPIPlugin in Frameworks */,
				C08DA3F3294D5C5E00E8AF98 /* FirebaseAnalytics in Frameworks */,
				C0DDD58E295D0B1B00516EAF /* AWSCognitoAuthPlugin in Frameworks */,
				C02F43F8295FF24400A76EC9 /* GoogleSignIn in Frameworks */,
				C0DDD590295D0B1B00516EAF /* AWSDataStorePlugin in Frameworks */,
				C0DDD594295D0B1B00516EAF /* AWSPluginsCore in Frameworks */,
				C0DDD592295D0B1B00516EAF /* AWSPinpointAnalyticsPlugin in Frameworks */,
				C0DDD596295D0B1B00516EAF /* AWSS3StoragePlugin in Frameworks */,
				C08DA3F7294D5C5E00E8AF98 /* FirebaseCrashlytics in Frameworks */,
				C02F43FA295FF24400A76EC9 /* GoogleSignInSwift in Frameworks */,
				C00169E12831804E00523EFF /* SwiftSoup in Frameworks */,
				C0DDD598295D0B1B00516EAF /* Amplify in Frameworks */,
				C08DA3F5294D5C5E00E8AF98 /* FirebaseAnalyticsSwift in Frameworks */,
				C08DA3F9294D5C5E00E8AF98 /* FirebaseMessaging in Frameworks */,
			);
			runOnlyForDeploymentPostprocessing = 0;
		};
		C001695A282C4E1800523EFF /* Frameworks */ = {
			isa = PBXFrameworksBuildPhase;
			buildActionMask = 2147483647;
			files = (
			);
			runOnlyForDeploymentPostprocessing = 0;
		};
		C0016961282C4E1800523EFF /* Frameworks */ = {
			isa = PBXFrameworksBuildPhase;
			buildActionMask = 2147483647;
			files = (
			);
			runOnlyForDeploymentPostprocessing = 0;
		};
		C001696D282C4E1800523EFF /* Frameworks */ = {
			isa = PBXFrameworksBuildPhase;
			buildActionMask = 2147483647;
			files = (
			);
			runOnlyForDeploymentPostprocessing = 0;
		};
/* End PBXFrameworksBuildPhase section */

/* Begin PBXGroup section */
		C001694A282C4E1600523EFF = {
			isa = PBXGroup;
			children = (
				C08DA3FB294D615000E8AF98 /* GoogleService-Info.plist */,
				C08DA3FA294D5FFF00E8AF98 /* usebetter (iOS).entitlements */,
				C0016A00283A081F00523EFF /* amplify */,
				C0016A02283A081F00523EFF /* amplifyconfiguration.json */,
				C0016A17283AD42300523EFF /* aws */,
				C0016A01283A081F00523EFF /* awsconfiguration.json */,
				C0C1EDF92859622E00EB6AD5 /* graphql */,
				C001695E282C4E1800523EFF /* macOS */,
				C0016958282C4E1800523EFF /* Products */,
				C001694F282C4E1600523EFF /* Shared */,
				C0016967282C4E1800523EFF /* Tests iOS */,
				C0016973282C4E1800523EFF /* Tests macOS */,
				C0E4ED32284585A2002C29AA /* usebetter--iOS--Info.plist */,
			);
			sourceTree = "<group>";
		};
		C001694F282C4E1600523EFF /* Shared */ = {
			isa = PBXGroup;
			children = (
				C04C20F029637F2300936726 /* Constants */,
				C02F43FD2960CB0000A76EC9 /* amplify-generated */,
				C0DDD581295CB0CA00516EAF /* Account */,
				C00169E2283607E300523EFF /* DataModels */,
				C001699C282D91F400523EFF /* Utils */,
				C001699B282D919600523EFF /* Protocols */,
				C001699A282D8D0000523EFF /* Resources */,
				C0016999282D8CE100523EFF /* ViewModels */,
				C0016998282D8CD200523EFF /* Views */,
				C0016950282C4E1600523EFF /* usebetterApp.swift */,
				C0016A09283A08BE00523EFF /* AppDelegate.swift */,
				C001698C282CB23F00523EFF /* ViewRouter.swift */,
				C0016952282C4E1800523EFF /* Assets.xcassets */,
			);
			path = Shared;
			sourceTree = "<group>";
		};
		C0016958282C4E1800523EFF /* Products */ = {
			isa = PBXGroup;
			children = (
				C0016957282C4E1800523EFF /* usebetter.app */,
				C001695D282C4E1800523EFF /* usebetter.app */,
				C0016964282C4E1800523EFF /* Tests iOS.xctest */,
				C0016970282C4E1800523EFF /* Tests macOS.xctest */,
			);
			name = Products;
			sourceTree = "<group>";
		};
		C001695E282C4E1800523EFF /* macOS */ = {
			isa = PBXGroup;
			children = (
				C001695F282C4E1800523EFF /* macOS.entitlements */,
			);
			path = macOS;
			sourceTree = "<group>";
		};
		C0016967282C4E1800523EFF /* Tests iOS */ = {
			isa = PBXGroup;
			children = (
				C0016968282C4E1800523EFF /* Tests_iOS.swift */,
				C001696A282C4E1800523EFF /* Tests_iOSLaunchTests.swift */,
			);
			path = "Tests iOS";
			sourceTree = "<group>";
		};
		C0016973282C4E1800523EFF /* Tests macOS */ = {
			isa = PBXGroup;
			children = (
				C0016974282C4E1800523EFF /* Tests_macOS.swift */,
				C0016976282C4E1800523EFF /* Tests_macOSLaunchTests.swift */,
			);
			path = "Tests macOS";
			sourceTree = "<group>";
		};
		C0016998282D8CD200523EFF /* Views */ = {
			isa = PBXGroup;
			children = (
				C0016951282C4E1600523EFF /* ContentView.swift */,
				C0016992282CB4D000523EFF /* DashboardView.swift */,
				C0E4ED362845B664002C29AA /* DashboardEventsView.swift */,
				C0016A1B2842864A00523EFF /* DashboardSettingsView.swift */,
				C00169D6282E203800523EFF /* DashboardMyStuffView.swift */,
				C00169D9282E225900523EFF /* AddItemView.swift */,
				C00169E92838A65600523EFF /* UpdateItemView.swift */,
				C00169EC2838A69F00523EFF /* ReadOnlyItemView.swift */,
				C0E4ED392845D614002C29AA /* ActionItemView.swift */,
				C0016995282CD49D00523EFF /* DashboardHomeView.swift */,
				C04C20F42963808C00936726 /* UBAsyncImage.swift */,
				C00169F228396B5B00523EFF /* ContactPicker.swift */,
				C0E4ED2628429EEE002C29AA /* SplashView.swift */,
				C0E4ED3F284C28F3002C29AA /* WebContentView.swift */,
				C04C20ED29635A5100936726 /* UBNavigationStackView.swift */,
			);
			path = Views;
			sourceTree = "<group>";
		};
		C0016999282D8CE100523EFF /* ViewModels */ = {
			isa = PBXGroup;
			children = (
				C001699D282D921E00523EFF /* DashboardHomeViewModel.swift */,
				C0E4ED2F28457926002C29AA /* ContactHelper.swift */,
				C0E4ED3C28488856002C29AA /* DashboardEventsViewModel.swift */,
			);
			path = ViewModels;
			sourceTree = "<group>";
		};
		C001699A282D8D0000523EFF /* Resources */ = {
			isa = PBXGroup;
			children = (
			);
			path = Resources;
			sourceTree = "<group>";
		};
		C001699B282D919600523EFF /* Protocols */ = {
			isa = PBXGroup;
			children = (
				C00169A0282D92D300523EFF /* UBItem.swift */,
			);
			path = Protocols;
			sourceTree = "<group>";
		};
		C001699C282D91F400523EFF /* Utils */ = {
			isa = PBXGroup;
			children = (
				C00169DC28317C1400523EFF /* URLParser.swift */,
				C0DB2FD429A3C00000DFAA9E /* AppUserDefaults.swift */,
				C021F445294AB385009A5E1C /* Logger.swift */,
			);
			path = Utils;
			sourceTree = "<group>";
		};
		C00169E2283607E300523EFF /* DataModels */ = {
			isa = PBXGroup;
			children = (
				C00169E32836084400523EFF /* UserFeedModel.swift */,
				C0DB2FD229A269CC00DFAA9E /* UserInfoModel.swift */,
				C0E4ED2C28431C42002C29AA /* JSONInterpreter.swift */,
				C00169E62836086400523EFF /* FriendsFeedModel.swift */,
				C0E4ED3328458BB2002C29AA /* EventsModel.swift */,
			);
			path = DataModels;
			sourceTree = "<group>";
		};
		C0016A17283AD42300523EFF /* aws */ = {
			isa = PBXGroup;
			children = (
				C0016A18283AD45300523EFF /* AccountManager.swift */,
				C0E4ED29284314C6002C29AA /* S3FileManager.swift */,
			);
			path = aws;
			sourceTree = "<group>";
		};
		C02F43FD2960CB0000A76EC9 /* amplify-generated */ = {
			isa = PBXGroup;
			children = (
				C0DB2FCD29A2679900DFAA9E /* UBFriends.swift */,
				C0DB2FCA29A2679800DFAA9E /* UBFriends+Schema.swift */,
				C0DB2FCC29A2679800DFAA9E /* UBUser.swift */,
				C0DB2FCB29A2679800DFAA9E /* UBUser+Schema.swift */,
				C02F43FF2960CB2100A76EC9 /* AmplifyModels.swift */,
				C02F44002960CB2100A76EC9 /* UBEvent.swift */,
				C02F43FE2960CB2100A76EC9 /* UBEvent+Schema.swift */,
			);
			path = "amplify-generated";
			sourceTree = "<group>";
		};
		C04C20F029637F2300936726 /* Constants */ = {
			isa = PBXGroup;
			children = (
				C04C20F129637F3A00936726 /* UBConstants.swift */,
			);
			path = Constants;
			sourceTree = "<group>";
		};
		C0DDD581295CB0CA00516EAF /* Account */ = {
			isa = PBXGroup;
			children = (
				C0DDD585295CB10300516EAF /* LoginOptionsView.swift */,
				C0DDD583295CB10300516EAF /* SignUPView.swift */,
				C02F440429611C8300A76EC9 /* ValidateSignUpView.swift */,
				C0DDD584295CB10300516EAF /* SignUpWithAppleView.swift */,
				C0DDD582295CB10300516EAF /* SignUpWithAppleVIewModel.swift */,
			);
			path = Account;
			sourceTree = "<group>";
		};
/* End PBXGroup section */

/* Begin PBXNativeTarget section */
		C0016956282C4E1800523EFF /* usebetter (iOS) */ = {
			isa = PBXNativeTarget;
			buildConfigurationList = C0016980282C4E1800523EFF /* Build configuration list for PBXNativeTarget "usebetter (iOS)" */;
			buildPhases = (
				C0016953282C4E1800523EFF /* Sources */,
				C0016954282C4E1800523EFF /* Frameworks */,
				C0016955282C4E1800523EFF /* Resources */,
			);
			buildRules = (
			);
			dependencies = (
			);
			name = "usebetter (iOS)";
			packageProductDependencies = (
				C00169E02831804E00523EFF /* SwiftSoup */,
				C08DA3F2294D5C5E00E8AF98 /* FirebaseAnalytics */,
				C08DA3F4294D5C5E00E8AF98 /* FirebaseAnalyticsSwift */,
				C08DA3F6294D5C5E00E8AF98 /* FirebaseCrashlytics */,
				C08DA3F8294D5C5E00E8AF98 /* FirebaseMessaging */,
				C0DDD58B295D0B1B00516EAF /* AWSAPIPlugin */,
				C0DDD58D295D0B1B00516EAF /* AWSCognitoAuthPlugin */,
				C0DDD58F295D0B1B00516EAF /* AWSDataStorePlugin */,
				C0DDD591295D0B1B00516EAF /* AWSPinpointAnalyticsPlugin */,
				C0DDD593295D0B1B00516EAF /* AWSPluginsCore */,
				C0DDD595295D0B1B00516EAF /* AWSS3StoragePlugin */,
				C0DDD597295D0B1B00516EAF /* Amplify */,
				C02F43F7295FF24400A76EC9 /* GoogleSignIn */,
				C02F43F9295FF24400A76EC9 /* GoogleSignInSwift */,
			);
			productName = "usebetter (iOS)";
			productReference = C0016957282C4E1800523EFF /* usebetter.app */;
			productType = "com.apple.product-type.application";
		};
		C001695C282C4E1800523EFF /* usebetter (macOS) */ = {
			isa = PBXNativeTarget;
			buildConfigurationList = C0016983282C4E1800523EFF /* Build configuration list for PBXNativeTarget "usebetter (macOS)" */;
			buildPhases = (
				C0016959282C4E1800523EFF /* Sources */,
				C001695A282C4E1800523EFF /* Frameworks */,
				C001695B282C4E1800523EFF /* Resources */,
			);
			buildRules = (
			);
			dependencies = (
			);
			name = "usebetter (macOS)";
			productName = "usebetter (macOS)";
			productReference = C001695D282C4E1800523EFF /* usebetter.app */;
			productType = "com.apple.product-type.application";
		};
		C0016963282C4E1800523EFF /* Tests iOS */ = {
			isa = PBXNativeTarget;
			buildConfigurationList = C0016986282C4E1800523EFF /* Build configuration list for PBXNativeTarget "Tests iOS" */;
			buildPhases = (
				C0016960282C4E1800523EFF /* Sources */,
				C0016961282C4E1800523EFF /* Frameworks */,
				C0016962282C4E1800523EFF /* Resources */,
			);
			buildRules = (
			);
			dependencies = (
				C0016966282C4E1800523EFF /* PBXTargetDependency */,
			);
			name = "Tests iOS";
			productName = "Tests iOS";
			productReference = C0016964282C4E1800523EFF /* Tests iOS.xctest */;
			productType = "com.apple.product-type.bundle.ui-testing";
		};
		C001696F282C4E1800523EFF /* Tests macOS */ = {
			isa = PBXNativeTarget;
			buildConfigurationList = C0016989282C4E1800523EFF /* Build configuration list for PBXNativeTarget "Tests macOS" */;
			buildPhases = (
				C001696C282C4E1800523EFF /* Sources */,
				C001696D282C4E1800523EFF /* Frameworks */,
				C001696E282C4E1800523EFF /* Resources */,
			);
			buildRules = (
			);
			dependencies = (
				C0016972282C4E1800523EFF /* PBXTargetDependency */,
			);
			name = "Tests macOS";
			productName = "Tests macOS";
			productReference = C0016970282C4E1800523EFF /* Tests macOS.xctest */;
			productType = "com.apple.product-type.bundle.ui-testing";
		};
/* End PBXNativeTarget section */

/* Begin PBXProject section */
		C001694B282C4E1600523EFF /* Project object */ = {
			isa = PBXProject;
			attributes = {
				BuildIndependentTargetsInParallel = 1;
				LastSwiftUpdateCheck = 1330;
				LastUpgradeCheck = 1330;
				TargetAttributes = {
					C0016956282C4E1800523EFF = {
						CreatedOnToolsVersion = 13.3.1;
					};
					C001695C282C4E1800523EFF = {
						CreatedOnToolsVersion = 13.3.1;
					};
					C0016963282C4E1800523EFF = {
						CreatedOnToolsVersion = 13.3.1;
						TestTargetID = C0016956282C4E1800523EFF;
					};
					C001696F282C4E1800523EFF = {
						CreatedOnToolsVersion = 13.3.1;
						TestTargetID = C001695C282C4E1800523EFF;
					};
				};
			};
			buildConfigurationList = C001694E282C4E1600523EFF /* Build configuration list for PBXProject "usebetter" */;
			compatibilityVersion = "Xcode 13.0";
			developmentRegion = en;
			hasScannedForEncodings = 0;
			knownRegions = (
				en,
				Base,
			);
			mainGroup = C001694A282C4E1600523EFF;
			packageReferences = (
				C00169DF2831804E00523EFF /* XCRemoteSwiftPackageReference "SwiftSoup" */,
				C08DA3F1294D5C5E00E8AF98 /* XCRemoteSwiftPackageReference "firebase-ios-sdk" */,
				C0DDD58A295D0B1A00516EAF /* XCRemoteSwiftPackageReference "amplify-swift" */,
				C02F43F6295FF24400A76EC9 /* XCRemoteSwiftPackageReference "GoogleSignIn-iOS" */,
			);
			productRefGroup = C0016958282C4E1800523EFF /* Products */;
			projectDirPath = "";
			projectRoot = "";
			targets = (
				C0016956282C4E1800523EFF /* usebetter (iOS) */,
				C001695C282C4E1800523EFF /* usebetter (macOS) */,
				C0016963282C4E1800523EFF /* Tests iOS */,
				C001696F282C4E1800523EFF /* Tests macOS */,
			);
		};
/* End PBXProject section */

/* Begin PBXResourcesBuildPhase section */
		C0016955282C4E1800523EFF /* Resources */ = {
			isa = PBXResourcesBuildPhase;
			buildActionMask = 2147483647;
			files = (
				C001697C282C4E1800523EFF /* Assets.xcassets in Resources */,
				C0016A03283A081F00523EFF /* amplify in Resources */,
				C0C1EDFA2859622E00EB6AD5 /* graphql in Resources */,
				C0016A05283A081F00523EFF /* awsconfiguration.json in Resources */,
				C0016A07283A081F00523EFF /* amplifyconfiguration.json in Resources */,
				C08DA3FC294D615000E8AF98 /* GoogleService-Info.plist in Resources */,
			);
			runOnlyForDeploymentPostprocessing = 0;
		};
		C001695B282C4E1800523EFF /* Resources */ = {
			isa = PBXResourcesBuildPhase;
			buildActionMask = 2147483647;
			files = (
				C001697D282C4E1800523EFF /* Assets.xcassets in Resources */,
				C0016A04283A081F00523EFF /* amplify in Resources */,
				C0016A06283A081F00523EFF /* awsconfiguration.json in Resources */,
				C0016A08283A081F00523EFF /* amplifyconfiguration.json in Resources */,
			);
			runOnlyForDeploymentPostprocessing = 0;
		};
		C0016962282C4E1800523EFF /* Resources */ = {
			isa = PBXResourcesBuildPhase;
			buildActionMask = 2147483647;
			files = (
			);
			runOnlyForDeploymentPostprocessing = 0;
		};
		C001696E282C4E1800523EFF /* Resources */ = {
			isa = PBXResourcesBuildPhase;
			buildActionMask = 2147483647;
			files = (
			);
			runOnlyForDeploymentPostprocessing = 0;
		};
/* End PBXResourcesBuildPhase section */

/* Begin PBXSourcesBuildPhase section */
		C0016953282C4E1800523EFF /* Sources */ = {
			isa = PBXSourcesBuildPhase;
			buildActionMask = 2147483647;
			files = (
				C021F446294AB385009A5E1C /* Logger.swift in Sources */,
				C0016996282CD49D00523EFF /* DashboardHomeView.swift in Sources */,
				C00169E72836086400523EFF /* FriendsFeedModel.swift in Sources */,
				C00169EA2838A65600523EFF /* UpdateItemView.swift in Sources */,
				C0E4ED3D28488856002C29AA /* DashboardEventsViewModel.swift in Sources */,
				C0E4ED3428458BB2002C29AA /* EventsModel.swift in Sources */,
				C0DDD587295CB10300516EAF /* SignUPView.swift in Sources */,
				C0DB2FCF29A2679900DFAA9E /* UBUser+Schema.swift in Sources */,
				C001698D282CB23F00523EFF /* ViewRouter.swift in Sources */,
				C0DDD586295CB10300516EAF /* SignUpWithAppleVIewModel.swift in Sources */,
				C0016993282CB4D000523EFF /* DashboardView.swift in Sources */,
				C0E4ED2728429EEE002C29AA /* SplashView.swift in Sources */,
				C001697A282C4E1800523EFF /* ContentView.swift in Sources */,
				C0DB2FD529A3C00000DFAA9E /* AppUserDefaults.swift in Sources */,
				C00169F328396B5B00523EFF /* ContactPicker.swift in Sources */,
				C00169A1282D92D300523EFF /* UBItem.swift in Sources */,
				C0DB2FD029A2679900DFAA9E /* UBUser.swift in Sources */,
				C0016A1C2842864A00523EFF /* DashboardSettingsView.swift in Sources */,
				C04C20EE29635A5100936726 /* UBNavigationStackView.swift in Sources */,
				C0E4ED2D28431C42002C29AA /* JSONInterpreter.swift in Sources */,
				C02F44032960CB2100A76EC9 /* UBEvent.swift in Sources */,
				C00169ED2838A69F00523EFF /* ReadOnlyItemView.swift in Sources */,
				C0DDD588295CB10300516EAF /* SignUpWithAppleView.swift in Sources */,
				C0DB2FD329A269CC00DFAA9E /* UserInfoModel.swift in Sources */,
				C0E4ED40284C28F3002C29AA /* WebContentView.swift in Sources */,
				C02F44022960CB2100A76EC9 /* AmplifyModels.swift in Sources */,
				C02F44012960CB2100A76EC9 /* UBEvent+Schema.swift in Sources */,
				C00169E42836084400523EFF /* UserFeedModel.swift in Sources */,
				C0016A0A283A08BE00523EFF /* AppDelegate.swift in Sources */,
				C001699E282D921E00523EFF /* DashboardHomeViewModel.swift in Sources */,
				C0DDD589295CB10300516EAF /* LoginOptionsView.swift in Sources */,
				C0DB2FD129A2679900DFAA9E /* UBFriends.swift in Sources */,
				C02F440529611C8300A76EC9 /* ValidateSignUpView.swift in Sources */,
				C04C20F229637F3A00936726 /* UBConstants.swift in Sources */,
				C0E4ED3A2845D614002C29AA /* ActionItemView.swift in Sources */,
				C0016A19283AD45300523EFF /* AccountManager.swift in Sources */,
				C0E4ED372845B664002C29AA /* DashboardEventsView.swift in Sources */,
				C0016978282C4E1800523EFF /* usebetterApp.swift in Sources */,
				C00169D7282E203800523EFF /* DashboardMyStuffView.swift in Sources */,
				C00169DD28317C1400523EFF /* URLParser.swift in Sources */,
				C00169DA282E225900523EFF /* AddItemView.swift in Sources */,
				C0E4ED2A284314C6002C29AA /* S3FileManager.swift in Sources */,
				C0E4ED3028457926002C29AA /* ContactHelper.swift in Sources */,
				C04C20F52963808C00936726 /* UBAsyncImage.swift in Sources */,
				C0DB2FCE29A2679900DFAA9E /* UBFriends+Schema.swift in Sources */,
			);
			runOnlyForDeploymentPostprocessing = 0;
		};
		C0016959282C4E1800523EFF /* Sources */ = {
			isa = PBXSourcesBuildPhase;
			buildActionMask = 2147483647;
			files = (
				C021F447294AB385009A5E1C /* Logger.swift in Sources */,
				C04C20F62963808C00936726 /* UBAsyncImage.swift in Sources */,
				C0016997282CD49D00523EFF /* DashboardHomeView.swift in Sources */,
				C00169E82836086400523EFF /* FriendsFeedModel.swift in Sources */,
				C00169EB2838A65600523EFF /* UpdateItemView.swift in Sources */,
				C0E4ED3E28488856002C29AA /* DashboardEventsViewModel.swift in Sources */,
				C0E4ED3528458BB2002C29AA /* EventsModel.swift in Sources */,
				C001698E282CB23F00523EFF /* ViewRouter.swift in Sources */,
				C0016994282CB4D000523EFF /* DashboardView.swift in Sources */,
				C0E4ED2828429EEE002C29AA /* SplashView.swift in Sources */,
				C001697B282C4E1800523EFF /* ContentView.swift in Sources */,
				C00169F428396B5B00523EFF /* ContactPicker.swift in Sources */,
				C00169A2282D92D300523EFF /* UBItem.swift in Sources */,
				C0016A1D2842864A00523EFF /* DashboardSettingsView.swift in Sources */,
				C0E4ED2E28431C42002C29AA /* JSONInterpreter.swift in Sources */,
				C04C20F329637F3B00936726 /* UBConstants.swift in Sources */,
				C00169EE2838A69F00523EFF /* ReadOnlyItemView.swift in Sources */,
				C0E4ED41284C28F3002C29AA /* WebContentView.swift in Sources */,
				C00169E52836084400523EFF /* UserFeedModel.swift in Sources */,
				C0016A0B283A08BE00523EFF /* AppDelegate.swift in Sources */,
				C001699F282D921E00523EFF /* DashboardHomeViewModel.swift in Sources */,
				C0E4ED3B2845D614002C29AA /* ActionItemView.swift in Sources */,
				C0016A1A283AD45300523EFF /* AccountManager.swift in Sources */,
				C04C20EF29635A5100936726 /* UBNavigationStackView.swift in Sources */,
				C0E4ED382845B664002C29AA /* DashboardEventsView.swift in Sources */,
				C0016979282C4E1800523EFF /* usebetterApp.swift in Sources */,
				C00169D8282E203800523EFF /* DashboardMyStuffView.swift in Sources */,
				C00169DE28317C1400523EFF /* URLParser.swift in Sources */,
				C00169DB282E225900523EFF /* AddItemView.swift in Sources */,
				C0E4ED2B284314C6002C29AA /* S3FileManager.swift in Sources */,
				C0E4ED3128457926002C29AA /* ContactHelper.swift in Sources */,
			);
			runOnlyForDeploymentPostprocessing = 0;
		};
		C0016960282C4E1800523EFF /* Sources */ = {
			isa = PBXSourcesBuildPhase;
			buildActionMask = 2147483647;
			files = (
				C001696B282C4E1800523EFF /* Tests_iOSLaunchTests.swift in Sources */,
				C0016969282C4E1800523EFF /* Tests_iOS.swift in Sources */,
			);
			runOnlyForDeploymentPostprocessing = 0;
		};
		C001696C282C4E1800523EFF /* Sources */ = {
			isa = PBXSourcesBuildPhase;
			buildActionMask = 2147483647;
			files = (
				C0016977282C4E1800523EFF /* Tests_macOSLaunchTests.swift in Sources */,
				C0016975282C4E1800523EFF /* Tests_macOS.swift in Sources */,
			);
			runOnlyForDeploymentPostprocessing = 0;
		};
/* End PBXSourcesBuildPhase section */

/* Begin PBXTargetDependency section */
		C0016966282C4E1800523EFF /* PBXTargetDependency */ = {
			isa = PBXTargetDependency;
			target = C0016956282C4E1800523EFF /* usebetter (iOS) */;
			targetProxy = C0016965282C4E1800523EFF /* PBXContainerItemProxy */;
		};
		C0016972282C4E1800523EFF /* PBXTargetDependency */ = {
			isa = PBXTargetDependency;
			target = C001695C282C4E1800523EFF /* usebetter (macOS) */;
			targetProxy = C0016971282C4E1800523EFF /* PBXContainerItemProxy */;
		};
/* End PBXTargetDependency section */

/* Begin XCBuildConfiguration section */
		C001697E282C4E1800523EFF /* Debug */ = {
			isa = XCBuildConfiguration;
			buildSettings = {
				ALWAYS_SEARCH_USER_PATHS = NO;
				CLANG_ANALYZER_NONNULL = YES;
				CLANG_ANALYZER_NUMBER_OBJECT_CONVERSION = YES_AGGRESSIVE;
				CLANG_CXX_LANGUAGE_STANDARD = "gnu++17";
				CLANG_ENABLE_MODULES = YES;
				CLANG_ENABLE_OBJC_ARC = YES;
				CLANG_ENABLE_OBJC_WEAK = YES;
				CLANG_WARN_BLOCK_CAPTURE_AUTORELEASING = YES;
				CLANG_WARN_BOOL_CONVERSION = YES;
				CLANG_WARN_COMMA = YES;
				CLANG_WARN_CONSTANT_CONVERSION = YES;
				CLANG_WARN_DEPRECATED_OBJC_IMPLEMENTATIONS = YES;
				CLANG_WARN_DIRECT_OBJC_ISA_USAGE = YES_ERROR;
				CLANG_WARN_DOCUMENTATION_COMMENTS = YES;
				CLANG_WARN_EMPTY_BODY = YES;
				CLANG_WARN_ENUM_CONVERSION = YES;
				CLANG_WARN_INFINITE_RECURSION = YES;
				CLANG_WARN_INT_CONVERSION = YES;
				CLANG_WARN_NON_LITERAL_NULL_CONVERSION = YES;
				CLANG_WARN_OBJC_IMPLICIT_RETAIN_SELF = YES;
				CLANG_WARN_OBJC_LITERAL_CONVERSION = YES;
				CLANG_WARN_OBJC_ROOT_CLASS = YES_ERROR;
				CLANG_WARN_QUOTED_INCLUDE_IN_FRAMEWORK_HEADER = YES;
				CLANG_WARN_RANGE_LOOP_ANALYSIS = YES;
				CLANG_WARN_STRICT_PROTOTYPES = YES;
				CLANG_WARN_SUSPICIOUS_MOVE = YES;
				CLANG_WARN_UNGUARDED_AVAILABILITY = YES_AGGRESSIVE;
				CLANG_WARN_UNREACHABLE_CODE = YES;
				CLANG_WARN__DUPLICATE_METHOD_MATCH = YES;
				COPY_PHASE_STRIP = NO;
				DEBUG_INFORMATION_FORMAT = dwarf;
				ENABLE_STRICT_OBJC_MSGSEND = YES;
				ENABLE_TESTABILITY = YES;
				GCC_C_LANGUAGE_STANDARD = gnu11;
				GCC_DYNAMIC_NO_PIC = NO;
				GCC_NO_COMMON_BLOCKS = YES;
				GCC_OPTIMIZATION_LEVEL = 0;
				GCC_PREPROCESSOR_DEFINITIONS = (
					"DEBUG=1",
					"$(inherited)",
				);
				GCC_WARN_64_TO_32_BIT_CONVERSION = YES;
				GCC_WARN_ABOUT_RETURN_TYPE = YES_ERROR;
				GCC_WARN_UNDECLARED_SELECTOR = YES;
				GCC_WARN_UNINITIALIZED_AUTOS = YES_AGGRESSIVE;
				GCC_WARN_UNUSED_FUNCTION = YES;
				GCC_WARN_UNUSED_VARIABLE = YES;
				MTL_ENABLE_DEBUG_INFO = INCLUDE_SOURCE;
				MTL_FAST_MATH = YES;
				ONLY_ACTIVE_ARCH = YES;
				SWIFT_ACTIVE_COMPILATION_CONDITIONS = DEBUG;
				SWIFT_OPTIMIZATION_LEVEL = "-Onone";
			};
			name = Debug;
		};
		C001697F282C4E1800523EFF /* Release */ = {
			isa = XCBuildConfiguration;
			buildSettings = {
				ALWAYS_SEARCH_USER_PATHS = NO;
				CLANG_ANALYZER_NONNULL = YES;
				CLANG_ANALYZER_NUMBER_OBJECT_CONVERSION = YES_AGGRESSIVE;
				CLANG_CXX_LANGUAGE_STANDARD = "gnu++17";
				CLANG_ENABLE_MODULES = YES;
				CLANG_ENABLE_OBJC_ARC = YES;
				CLANG_ENABLE_OBJC_WEAK = YES;
				CLANG_WARN_BLOCK_CAPTURE_AUTORELEASING = YES;
				CLANG_WARN_BOOL_CONVERSION = YES;
				CLANG_WARN_COMMA = YES;
				CLANG_WARN_CONSTANT_CONVERSION = YES;
				CLANG_WARN_DEPRECATED_OBJC_IMPLEMENTATIONS = YES;
				CLANG_WARN_DIRECT_OBJC_ISA_USAGE = YES_ERROR;
				CLANG_WARN_DOCUMENTATION_COMMENTS = YES;
				CLANG_WARN_EMPTY_BODY = YES;
				CLANG_WARN_ENUM_CONVERSION = YES;
				CLANG_WARN_INFINITE_RECURSION = YES;
				CLANG_WARN_INT_CONVERSION = YES;
				CLANG_WARN_NON_LITERAL_NULL_CONVERSION = YES;
				CLANG_WARN_OBJC_IMPLICIT_RETAIN_SELF = YES;
				CLANG_WARN_OBJC_LITERAL_CONVERSION = YES;
				CLANG_WARN_OBJC_ROOT_CLASS = YES_ERROR;
				CLANG_WARN_QUOTED_INCLUDE_IN_FRAMEWORK_HEADER = YES;
				CLANG_WARN_RANGE_LOOP_ANALYSIS = YES;
				CLANG_WARN_STRICT_PROTOTYPES = YES;
				CLANG_WARN_SUSPICIOUS_MOVE = YES;
				CLANG_WARN_UNGUARDED_AVAILABILITY = YES_AGGRESSIVE;
				CLANG_WARN_UNREACHABLE_CODE = YES;
				CLANG_WARN__DUPLICATE_METHOD_MATCH = YES;
				COPY_PHASE_STRIP = NO;
				DEBUG_INFORMATION_FORMAT = "dwarf-with-dsym";
				ENABLE_NS_ASSERTIONS = NO;
				ENABLE_STRICT_OBJC_MSGSEND = YES;
				GCC_C_LANGUAGE_STANDARD = gnu11;
				GCC_NO_COMMON_BLOCKS = YES;
				GCC_WARN_64_TO_32_BIT_CONVERSION = YES;
				GCC_WARN_ABOUT_RETURN_TYPE = YES_ERROR;
				GCC_WARN_UNDECLARED_SELECTOR = YES;
				GCC_WARN_UNINITIALIZED_AUTOS = YES_AGGRESSIVE;
				GCC_WARN_UNUSED_FUNCTION = YES;
				GCC_WARN_UNUSED_VARIABLE = YES;
				MTL_ENABLE_DEBUG_INFO = NO;
				MTL_FAST_MATH = YES;
				SWIFT_COMPILATION_MODE = wholemodule;
				SWIFT_OPTIMIZATION_LEVEL = "-O";
			};
			name = Release;
		};
		C0016981282C4E1800523EFF /* Debug */ = {
			isa = XCBuildConfiguration;
			buildSettings = {
				ASSETCATALOG_COMPILER_APPICON_NAME = AppIcon;
				ASSETCATALOG_COMPILER_GLOBAL_ACCENT_COLOR_NAME = AccentColor;
				CODE_SIGN_ENTITLEMENTS = "usebetter (iOS).entitlements";
				CODE_SIGN_IDENTITY = "Apple Development";
				"CODE_SIGN_IDENTITY[sdk=iphoneos*]" = "iPhone Developer";
				CODE_SIGN_STYLE = Manual;
				CURRENT_PROJECT_VERSION = 5;
				DEVELOPMENT_TEAM = "";
				"DEVELOPMENT_TEAM[sdk=iphoneos*]" = SJ2PT8DF82;
				ENABLE_PREVIEWS = YES;
				GENERATE_INFOPLIST_FILE = YES;
				INFOPLIST_FILE = "usebetter--iOS--Info.plist";
				INFOPLIST_KEY_NSContactsUsageDescription = "Contacts will be used to determine friends and pull their shared items";
				INFOPLIST_KEY_UIApplicationSupportsIndirectInputEvents = YES;
				INFOPLIST_KEY_UILaunchScreen_Generation = YES;
				INFOPLIST_KEY_UISupportedInterfaceOrientations_iPad = "UIInterfaceOrientationPortrait UIInterfaceOrientationPortraitUpsideDown UIInterfaceOrientationLandscapeLeft UIInterfaceOrientationLandscapeRight";
				INFOPLIST_KEY_UISupportedInterfaceOrientations_iPhone = "UIInterfaceOrientationPortrait UIInterfaceOrientationLandscapeLeft UIInterfaceOrientationLandscapeRight";
				IPHONEOS_DEPLOYMENT_TARGET = 15.0;
				LD_RUNPATH_SEARCH_PATHS = (
					"$(inherited)",
					"@executable_path/Frameworks",
				);
				MARKETING_VERSION = 1.0.0;
				PRODUCT_BUNDLE_IDENTIFIER = com.sharethings.usebetter;
				PRODUCT_NAME = usebetter;
				PROVISIONING_PROFILE_SPECIFIER = "";
				"PROVISIONING_PROFILE_SPECIFIER[sdk=iphoneos*]" = "UseBetter Dev";
				SDKROOT = iphoneos;
				SWIFT_EMIT_LOC_STRINGS = YES;
				SWIFT_VERSION = 5.0;
				TARGETED_DEVICE_FAMILY = "1,2";
			};
			name = Debug;
		};
		C0016982282C4E1800523EFF /* Release */ = {
			isa = XCBuildConfiguration;
			buildSettings = {
				ASSETCATALOG_COMPILER_APPICON_NAME = AppIcon;
				ASSETCATALOG_COMPILER_GLOBAL_ACCENT_COLOR_NAME = AccentColor;
				CODE_SIGN_ENTITLEMENTS = "usebetter (iOS).entitlements";
				CODE_SIGN_IDENTITY = "Apple Development";
				"CODE_SIGN_IDENTITY[sdk=iphoneos*]" = "iPhone Developer";
				CODE_SIGN_STYLE = Manual;
				CURRENT_PROJECT_VERSION = 5;
				DEVELOPMENT_TEAM = "";
				"DEVELOPMENT_TEAM[sdk=iphoneos*]" = SJ2PT8DF82;
				ENABLE_PREVIEWS = YES;
				GENERATE_INFOPLIST_FILE = YES;
				INFOPLIST_FILE = "usebetter--iOS--Info.plist";
				INFOPLIST_KEY_NSContactsUsageDescription = "Contacts will be used to determine friends and pull their shared items";
				INFOPLIST_KEY_UIApplicationSupportsIndirectInputEvents = YES;
				INFOPLIST_KEY_UILaunchScreen_Generation = YES;
				INFOPLIST_KEY_UISupportedInterfaceOrientations_iPad = "UIInterfaceOrientationPortrait UIInterfaceOrientationPortraitUpsideDown UIInterfaceOrientationLandscapeLeft UIInterfaceOrientationLandscapeRight";
				INFOPLIST_KEY_UISupportedInterfaceOrientations_iPhone = "UIInterfaceOrientationPortrait UIInterfaceOrientationLandscapeLeft UIInterfaceOrientationLandscapeRight";
				IPHONEOS_DEPLOYMENT_TARGET = 15.0;
				LD_RUNPATH_SEARCH_PATHS = (
					"$(inherited)",
					"@executable_path/Frameworks",
				);
				MARKETING_VERSION = 1.0.0;
				PRODUCT_BUNDLE_IDENTIFIER = com.sharethings.usebetter;
				PRODUCT_NAME = usebetter;
				PROVISIONING_PROFILE_SPECIFIER = "";
				"PROVISIONING_PROFILE_SPECIFIER[sdk=iphoneos*]" = "UseBetter Dev";
				SDKROOT = iphoneos;
				SWIFT_EMIT_LOC_STRINGS = YES;
				SWIFT_VERSION = 5.0;
				TARGETED_DEVICE_FAMILY = "1,2";
				VALIDATE_PRODUCT = YES;
			};
			name = Release;
		};
		C0016984282C4E1800523EFF /* Debug */ = {
			isa = XCBuildConfiguration;
			buildSettings = {
				ASSETCATALOG_COMPILER_APPICON_NAME = AppIcon;
				ASSETCATALOG_COMPILER_GLOBAL_ACCENT_COLOR_NAME = AccentColor;
				CODE_SIGN_ENTITLEMENTS = macOS/macOS.entitlements;
				CODE_SIGN_STYLE = Automatic;
				COMBINE_HIDPI_IMAGES = YES;
				CURRENT_PROJECT_VERSION = 1;
				ENABLE_PREVIEWS = YES;
				GENERATE_INFOPLIST_FILE = YES;
				INFOPLIST_KEY_NSHumanReadableCopyright = "";
				LD_RUNPATH_SEARCH_PATHS = (
					"$(inherited)",
					"@executable_path/../Frameworks",
				);
				MACOSX_DEPLOYMENT_TARGET = 12.3;
				MARKETING_VERSION = 1.0;
				PRODUCT_BUNDLE_IDENTIFIER = com.share.usebetter;
				PRODUCT_NAME = usebetter;
				SDKROOT = macosx;
				SWIFT_EMIT_LOC_STRINGS = YES;
				SWIFT_VERSION = 5.0;
			};
			name = Debug;
		};
		C0016985282C4E1800523EFF /* Release */ = {
			isa = XCBuildConfiguration;
			buildSettings = {
				ASSETCATALOG_COMPILER_APPICON_NAME = AppIcon;
				ASSETCATALOG_COMPILER_GLOBAL_ACCENT_COLOR_NAME = AccentColor;
				CODE_SIGN_ENTITLEMENTS = macOS/macOS.entitlements;
				CODE_SIGN_STYLE = Automatic;
				COMBINE_HIDPI_IMAGES = YES;
				CURRENT_PROJECT_VERSION = 1;
				ENABLE_PREVIEWS = YES;
				GENERATE_INFOPLIST_FILE = YES;
				INFOPLIST_KEY_NSHumanReadableCopyright = "";
				LD_RUNPATH_SEARCH_PATHS = (
					"$(inherited)",
					"@executable_path/../Frameworks",
				);
				MACOSX_DEPLOYMENT_TARGET = 12.3;
				MARKETING_VERSION = 1.0;
				PRODUCT_BUNDLE_IDENTIFIER = com.share.usebetter;
				PRODUCT_NAME = usebetter;
				SDKROOT = macosx;
				SWIFT_EMIT_LOC_STRINGS = YES;
				SWIFT_VERSION = 5.0;
			};
			name = Release;
		};
		C0016987282C4E1800523EFF /* Debug */ = {
			isa = XCBuildConfiguration;
			buildSettings = {
				ALWAYS_EMBED_SWIFT_STANDARD_LIBRARIES = YES;
				CODE_SIGN_STYLE = Automatic;
				CURRENT_PROJECT_VERSION = 1;
				GENERATE_INFOPLIST_FILE = YES;
				IPHONEOS_DEPLOYMENT_TARGET = 15.4;
				MARKETING_VERSION = 1.0;
				PRODUCT_BUNDLE_IDENTIFIER = "com.share.Tests-iOS";
				PRODUCT_NAME = "$(TARGET_NAME)";
				SDKROOT = iphoneos;
				SWIFT_EMIT_LOC_STRINGS = NO;
				SWIFT_VERSION = 5.0;
				TARGETED_DEVICE_FAMILY = "1,2";
				TEST_TARGET_NAME = "usebetter (iOS)";
			};
			name = Debug;
		};
		C0016988282C4E1800523EFF /* Release */ = {
			isa = XCBuildConfiguration;
			buildSettings = {
				ALWAYS_EMBED_SWIFT_STANDARD_LIBRARIES = YES;
				CODE_SIGN_STYLE = Automatic;
				CURRENT_PROJECT_VERSION = 1;
				GENERATE_INFOPLIST_FILE = YES;
				IPHONEOS_DEPLOYMENT_TARGET = 15.4;
				MARKETING_VERSION = 1.0;
				PRODUCT_BUNDLE_IDENTIFIER = "com.share.Tests-iOS";
				PRODUCT_NAME = "$(TARGET_NAME)";
				SDKROOT = iphoneos;
				SWIFT_EMIT_LOC_STRINGS = NO;
				SWIFT_VERSION = 5.0;
				TARGETED_DEVICE_FAMILY = "1,2";
				TEST_TARGET_NAME = "usebetter (iOS)";
				VALIDATE_PRODUCT = YES;
			};
			name = Release;
		};
		C001698A282C4E1800523EFF /* Debug */ = {
			isa = XCBuildConfiguration;
			buildSettings = {
				ALWAYS_EMBED_SWIFT_STANDARD_LIBRARIES = YES;
				CODE_SIGN_STYLE = Automatic;
				CURRENT_PROJECT_VERSION = 1;
				GENERATE_INFOPLIST_FILE = YES;
				MACOSX_DEPLOYMENT_TARGET = 12.3;
				MARKETING_VERSION = 1.0;
				PRODUCT_BUNDLE_IDENTIFIER = "com.share.Tests-macOS";
				PRODUCT_NAME = "$(TARGET_NAME)";
				SDKROOT = macosx;
				SWIFT_EMIT_LOC_STRINGS = NO;
				SWIFT_VERSION = 5.0;
				TEST_TARGET_NAME = "usebetter (macOS)";
			};
			name = Debug;
		};
		C001698B282C4E1800523EFF /* Release */ = {
			isa = XCBuildConfiguration;
			buildSettings = {
				ALWAYS_EMBED_SWIFT_STANDARD_LIBRARIES = YES;
				CODE_SIGN_STYLE = Automatic;
				CURRENT_PROJECT_VERSION = 1;
				GENERATE_INFOPLIST_FILE = YES;
				MACOSX_DEPLOYMENT_TARGET = 12.3;
				MARKETING_VERSION = 1.0;
				PRODUCT_BUNDLE_IDENTIFIER = "com.share.Tests-macOS";
				PRODUCT_NAME = "$(TARGET_NAME)";
				SDKROOT = macosx;
				SWIFT_EMIT_LOC_STRINGS = NO;
				SWIFT_VERSION = 5.0;
				TEST_TARGET_NAME = "usebetter (macOS)";
			};
			name = Release;
		};
/* End XCBuildConfiguration section */

/* Begin XCConfigurationList section */
		C001694E282C4E1600523EFF /* Build configuration list for PBXProject "usebetter" */ = {
			isa = XCConfigurationList;
			buildConfigurations = (
				C001697E282C4E1800523EFF /* Debug */,
				C001697F282C4E1800523EFF /* Release */,
			);
			defaultConfigurationIsVisible = 0;
			defaultConfigurationName = Release;
		};
		C0016980282C4E1800523EFF /* Build configuration list for PBXNativeTarget "usebetter (iOS)" */ = {
			isa = XCConfigurationList;
			buildConfigurations = (
				C0016981282C4E1800523EFF /* Debug */,
				C0016982282C4E1800523EFF /* Release */,
			);
			defaultConfigurationIsVisible = 0;
			defaultConfigurationName = Release;
		};
		C0016983282C4E1800523EFF /* Build configuration list for PBXNativeTarget "usebetter (macOS)" */ = {
			isa = XCConfigurationList;
			buildConfigurations = (
				C0016984282C4E1800523EFF /* Debug */,
				C0016985282C4E1800523EFF /* Release */,
			);
			defaultConfigurationIsVisible = 0;
			defaultConfigurationName = Release;
		};
		C0016986282C4E1800523EFF /* Build configuration list for PBXNativeTarget "Tests iOS" */ = {
			isa = XCConfigurationList;
			buildConfigurations = (
				C0016987282C4E1800523EFF /* Debug */,
				C0016988282C4E1800523EFF /* Release */,
			);
			defaultConfigurationIsVisible = 0;
			defaultConfigurationName = Release;
		};
		C0016989282C4E1800523EFF /* Build configuration list for PBXNativeTarget "Tests macOS" */ = {
			isa = XCConfigurationList;
			buildConfigurations = (
				C001698A282C4E1800523EFF /* Debug */,
				C001698B282C4E1800523EFF /* Release */,
			);
			defaultConfigurationIsVisible = 0;
			defaultConfigurationName = Release;
		};
/* End XCConfigurationList section */

/* Begin XCRemoteSwiftPackageReference section */
		C00169DF2831804E00523EFF /* XCRemoteSwiftPackageReference "SwiftSoup" */ = {
			isa = XCRemoteSwiftPackageReference;
			repositoryURL = "https://github.com/scinfu/SwiftSoup.git";
			requirement = {
				kind = upToNextMajorVersion;
				minimumVersion = 2.0.0;
			};
		};
		C02F43F6295FF24400A76EC9 /* XCRemoteSwiftPackageReference "GoogleSignIn-iOS" */ = {
			isa = XCRemoteSwiftPackageReference;
			repositoryURL = "https://github.com/google/GoogleSignIn-iOS";
			requirement = {
				kind = upToNextMajorVersion;
				minimumVersion = 7.0.0;
			};
		};
		C08DA3F1294D5C5E00E8AF98 /* XCRemoteSwiftPackageReference "firebase-ios-sdk" */ = {
			isa = XCRemoteSwiftPackageReference;
			repositoryURL = "https://github.com/firebase/firebase-ios-sdk";
			requirement = {
				kind = upToNextMajorVersion;
				minimumVersion = 9.0.0;
			};
		};
		C0DDD58A295D0B1A00516EAF /* XCRemoteSwiftPackageReference "amplify-swift" */ = {
			isa = XCRemoteSwiftPackageReference;
			repositoryURL = "https://github.com/aws-amplify/amplify-swift";
			requirement = {
				kind = upToNextMajorVersion;
				minimumVersion = 2.2.1;
			};
		};
/* End XCRemoteSwiftPackageReference section */

/* Begin XCSwiftPackageProductDependency section */
		C00169E02831804E00523EFF /* SwiftSoup */ = {
			isa = XCSwiftPackageProductDependency;
			package = C00169DF2831804E00523EFF /* XCRemoteSwiftPackageReference "SwiftSoup" */;
			productName = SwiftSoup;
		};
		C02F43F7295FF24400A76EC9 /* GoogleSignIn */ = {
			isa = XCSwiftPackageProductDependency;
			package = C02F43F6295FF24400A76EC9 /* XCRemoteSwiftPackageReference "GoogleSignIn-iOS" */;
			productName = GoogleSignIn;
		};
		C02F43F9295FF24400A76EC9 /* GoogleSignInSwift */ = {
			isa = XCSwiftPackageProductDependency;
			package = C02F43F6295FF24400A76EC9 /* XCRemoteSwiftPackageReference "GoogleSignIn-iOS" */;
			productName = GoogleSignInSwift;
		};
		C08DA3F2294D5C5E00E8AF98 /* FirebaseAnalytics */ = {
			isa = XCSwiftPackageProductDependency;
			package = C08DA3F1294D5C5E00E8AF98 /* XCRemoteSwiftPackageReference "firebase-ios-sdk" */;
			productName = FirebaseAnalytics;
		};
		C08DA3F4294D5C5E00E8AF98 /* FirebaseAnalyticsSwift */ = {
			isa = XCSwiftPackageProductDependency;
			package = C08DA3F1294D5C5E00E8AF98 /* XCRemoteSwiftPackageReference "firebase-ios-sdk" */;
			productName = FirebaseAnalyticsSwift;
		};
		C08DA3F6294D5C5E00E8AF98 /* FirebaseCrashlytics */ = {
			isa = XCSwiftPackageProductDependency;
			package = C08DA3F1294D5C5E00E8AF98 /* XCRemoteSwiftPackageReference "firebase-ios-sdk" */;
			productName = FirebaseCrashlytics;
		};
		C08DA3F8294D5C5E00E8AF98 /* FirebaseMessaging */ = {
			isa = XCSwiftPackageProductDependency;
			package = C08DA3F1294D5C5E00E8AF98 /* XCRemoteSwiftPackageReference "firebase-ios-sdk" */;
			productName = FirebaseMessaging;
		};
		C0DDD58B295D0B1B00516EAF /* AWSAPIPlugin */ = {
			isa = XCSwiftPackageProductDependency;
			package = C0DDD58A295D0B1A00516EAF /* XCRemoteSwiftPackageReference "amplify-swift" */;
			productName = AWSAPIPlugin;
		};
		C0DDD58D295D0B1B00516EAF /* AWSCognitoAuthPlugin */ = {
			isa = XCSwiftPackageProductDependency;
			package = C0DDD58A295D0B1A00516EAF /* XCRemoteSwiftPackageReference "amplify-swift" */;
			productName = AWSCognitoAuthPlugin;
		};
		C0DDD58F295D0B1B00516EAF /* AWSDataStorePlugin */ = {
			isa = XCSwiftPackageProductDependency;
			package = C0DDD58A295D0B1A00516EAF /* XCRemoteSwiftPackageReference "amplify-swift" */;
			productName = AWSDataStorePlugin;
		};
		C0DDD591295D0B1B00516EAF /* AWSPinpointAnalyticsPlugin */ = {
			isa = XCSwiftPackageProductDependency;
			package = C0DDD58A295D0B1A00516EAF /* XCRemoteSwiftPackageReference "amplify-swift" */;
			productName = AWSPinpointAnalyticsPlugin;
		};
		C0DDD593295D0B1B00516EAF /* AWSPluginsCore */ = {
			isa = XCSwiftPackageProductDependency;
			package = C0DDD58A295D0B1A00516EAF /* XCRemoteSwiftPackageReference "amplify-swift" */;
			productName = AWSPluginsCore;
		};
		C0DDD595295D0B1B00516EAF /* AWSS3StoragePlugin */ = {
			isa = XCSwiftPackageProductDependency;
			package = C0DDD58A295D0B1A00516EAF /* XCRemoteSwiftPackageReference "amplify-swift" */;
			productName = AWSS3StoragePlugin;
		};
		C0DDD597295D0B1B00516EAF /* Amplify */ = {
			isa = XCSwiftPackageProductDependency;
			package = C0DDD58A295D0B1A00516EAF /* XCRemoteSwiftPackageReference "amplify-swift" */;
			productName = Amplify;
		};
/* End XCSwiftPackageProductDependency section */
	};
	rootObject = C001694B282C4E1600523EFF /* Project object */;
}
