// !$*UTF8*$!
{
	archiveVersion = 1;
	classes = {
	};
	objectVersion = 55;
	objects = {

/* Begin PBXBuildFile section */
		C0016969282C4E1800523EFF /* Tests_iOS.swift in Sources */ = {isa = PBXBuildFile; fileRef = C0016968282C4E1800523EFF /* Tests_iOS.swift */; };
		C001696B282C4E1800523EFF /* Tests_iOSLaunchTests.swift in Sources */ = {isa = PBXBuildFile; fileRef = C001696A282C4E1800523EFF /* Tests_iOSLaunchTests.swift */; };
		C0016975282C4E1800523EFF /* Tests_macOS.swift in Sources */ = {isa = PBXBuildFile; fileRef = C0016974282C4E1800523EFF /* Tests_macOS.swift */; };
		C0016977282C4E1800523EFF /* Tests_macOSLaunchTests.swift in Sources */ = {isa = PBXBuildFile; fileRef = C0016976282C4E1800523EFF /* Tests_macOSLaunchTests.swift */; };
		C0016978282C4E1800523EFF /* usebetterApp.swift in Sources */ = {isa = PBXBuildFile; fileRef = C0016950282C4E1600523EFF /* usebetterApp.swift */; };
		C0016979282C4E1800523EFF /* usebetterApp.swift in Sources */ = {isa = PBXBuildFile; fileRef = C0016950282C4E1600523EFF /* usebetterApp.swift */; };
		C001697A282C4E1800523EFF /* ContentView.swift in Sources */ = {isa = PBXBuildFile; fileRef = C0016951282C4E1600523EFF /* ContentView.swift */; };
		C001697B282C4E1800523EFF /* ContentView.swift in Sources */ = {isa = PBXBuildFile; fileRef = C0016951282C4E1600523EFF /* ContentView.swift */; };
		C001697C282C4E1800523EFF /* Assets.xcassets in Resources */ = {isa = PBXBuildFile; fileRef = C0016952282C4E1800523EFF /* Assets.xcassets */; };
		C001697D282C4E1800523EFF /* Assets.xcassets in Resources */ = {isa = PBXBuildFile; fileRef = C0016952282C4E1800523EFF /* Assets.xcassets */; };
		C001698D282CB23F00523EFF /* ViewRouter.swift in Sources */ = {isa = PBXBuildFile; fileRef = C001698C282CB23F00523EFF /* ViewRouter.swift */; };
		C001698E282CB23F00523EFF /* ViewRouter.swift in Sources */ = {isa = PBXBuildFile; fileRef = C001698C282CB23F00523EFF /* ViewRouter.swift */; };
		C0016990282CB46500523EFF /* SignUPView.swift in Sources */ = {isa = PBXBuildFile; fileRef = C001698F282CB46500523EFF /* SignUPView.swift */; };
		C0016991282CB46500523EFF /* SignUPView.swift in Sources */ = {isa = PBXBuildFile; fileRef = C001698F282CB46500523EFF /* SignUPView.swift */; };
		C0016993282CB4D000523EFF /* DashboardView.swift in Sources */ = {isa = PBXBuildFile; fileRef = C0016992282CB4D000523EFF /* DashboardView.swift */; };
		C0016994282CB4D000523EFF /* DashboardView.swift in Sources */ = {isa = PBXBuildFile; fileRef = C0016992282CB4D000523EFF /* DashboardView.swift */; };
		C0016996282CD49D00523EFF /* DashboardHomeView.swift in Sources */ = {isa = PBXBuildFile; fileRef = C0016995282CD49D00523EFF /* DashboardHomeView.swift */; };
		C0016997282CD49D00523EFF /* DashboardHomeView.swift in Sources */ = {isa = PBXBuildFile; fileRef = C0016995282CD49D00523EFF /* DashboardHomeView.swift */; };
		C001699E282D921E00523EFF /* DashboardHomeViewModel.swift in Sources */ = {isa = PBXBuildFile; fileRef = C001699D282D921E00523EFF /* DashboardHomeViewModel.swift */; };
		C001699F282D921E00523EFF /* DashboardHomeViewModel.swift in Sources */ = {isa = PBXBuildFile; fileRef = C001699D282D921E00523EFF /* DashboardHomeViewModel.swift */; };
		C00169A1282D92D300523EFF /* UBItem.swift in Sources */ = {isa = PBXBuildFile; fileRef = C00169A0282D92D300523EFF /* UBItem.swift */; };
		C00169A2282D92D300523EFF /* UBItem.swift in Sources */ = {isa = PBXBuildFile; fileRef = C00169A0282D92D300523EFF /* UBItem.swift */; };
		C00169D7282E203800523EFF /* DashboardMyStuffView.swift in Sources */ = {isa = PBXBuildFile; fileRef = C00169D6282E203800523EFF /* DashboardMyStuffView.swift */; };
		C00169D8282E203800523EFF /* DashboardMyStuffView.swift in Sources */ = {isa = PBXBuildFile; fileRef = C00169D6282E203800523EFF /* DashboardMyStuffView.swift */; };
		C00169DA282E225900523EFF /* AddItemView.swift in Sources */ = {isa = PBXBuildFile; fileRef = C00169D9282E225900523EFF /* AddItemView.swift */; };
		C00169DB282E225900523EFF /* AddItemView.swift in Sources */ = {isa = PBXBuildFile; fileRef = C00169D9282E225900523EFF /* AddItemView.swift */; };
		C00169DD28317C1400523EFF /* URLParser.swift in Sources */ = {isa = PBXBuildFile; fileRef = C00169DC28317C1400523EFF /* URLParser.swift */; };
		C00169DE28317C1400523EFF /* URLParser.swift in Sources */ = {isa = PBXBuildFile; fileRef = C00169DC28317C1400523EFF /* URLParser.swift */; };
		C00169E12831804E00523EFF /* SwiftSoup in Frameworks */ = {isa = PBXBuildFile; productRef = C00169E02831804E00523EFF /* SwiftSoup */; };
		C00169E42836084400523EFF /* UserFeedModel.swift in Sources */ = {isa = PBXBuildFile; fileRef = C00169E32836084400523EFF /* UserFeedModel.swift */; };
		C00169E52836084400523EFF /* UserFeedModel.swift in Sources */ = {isa = PBXBuildFile; fileRef = C00169E32836084400523EFF /* UserFeedModel.swift */; };
		C00169E72836086400523EFF /* FriendsFeedModel.swift in Sources */ = {isa = PBXBuildFile; fileRef = C00169E62836086400523EFF /* FriendsFeedModel.swift */; };
		C00169E82836086400523EFF /* FriendsFeedModel.swift in Sources */ = {isa = PBXBuildFile; fileRef = C00169E62836086400523EFF /* FriendsFeedModel.swift */; };
		C00169EA2838A65600523EFF /* UpdateItemView.swift in Sources */ = {isa = PBXBuildFile; fileRef = C00169E92838A65600523EFF /* UpdateItemView.swift */; };
		C00169EB2838A65600523EFF /* UpdateItemView.swift in Sources */ = {isa = PBXBuildFile; fileRef = C00169E92838A65600523EFF /* UpdateItemView.swift */; };
		C00169ED2838A69F00523EFF /* ReadOnlyItemView.swift in Sources */ = {isa = PBXBuildFile; fileRef = C00169EC2838A69F00523EFF /* ReadOnlyItemView.swift */; };
		C00169EE2838A69F00523EFF /* ReadOnlyItemView.swift in Sources */ = {isa = PBXBuildFile; fileRef = C00169EC2838A69F00523EFF /* ReadOnlyItemView.swift */; };
/* End PBXBuildFile section */

/* Begin PBXContainerItemProxy section */
		C0016965282C4E1800523EFF /* PBXContainerItemProxy */ = {
			isa = PBXContainerItemProxy;
			containerPortal = C001694B282C4E1600523EFF /* Project object */;
			proxyType = 1;
			remoteGlobalIDString = C0016956282C4E1800523EFF;
			remoteInfo = "usebetter (iOS)";
		};
		C0016971282C4E1800523EFF /* PBXContainerItemProxy */ = {
			isa = PBXContainerItemProxy;
			containerPortal = C001694B282C4E1600523EFF /* Project object */;
			proxyType = 1;
			remoteGlobalIDString = C001695C282C4E1800523EFF;
			remoteInfo = "usebetter (macOS)";
		};
/* End PBXContainerItemProxy section */

/* Begin PBXFileReference section */
		C0016950282C4E1600523EFF /* usebetterApp.swift */ = {isa = PBXFileReference; lastKnownFileType = sourcecode.swift; path = usebetterApp.swift; sourceTree = "<group>"; };
		C0016951282C4E1600523EFF /* ContentView.swift */ = {isa = PBXFileReference; lastKnownFileType = sourcecode.swift; path = ContentView.swift; sourceTree = "<group>"; };
		C0016952282C4E1800523EFF /* Assets.xcassets */ = {isa = PBXFileReference; lastKnownFileType = folder.assetcatalog; path = Assets.xcassets; sourceTree = "<group>"; };
		C0016957282C4E1800523EFF /* usebetter.app */ = {isa = PBXFileReference; explicitFileType = wrapper.application; includeInIndex = 0; path = usebetter.app; sourceTree = BUILT_PRODUCTS_DIR; };
		C001695D282C4E1800523EFF /* usebetter.app */ = {isa = PBXFileReference; explicitFileType = wrapper.application; includeInIndex = 0; path = usebetter.app; sourceTree = BUILT_PRODUCTS_DIR; };
		C001695F282C4E1800523EFF /* macOS.entitlements */ = {isa = PBXFileReference; lastKnownFileType = text.plist.entitlements; path = macOS.entitlements; sourceTree = "<group>"; };
		C0016964282C4E1800523EFF /* Tests iOS.xctest */ = {isa = PBXFileReference; explicitFileType = wrapper.cfbundle; includeInIndex = 0; path = "Tests iOS.xctest"; sourceTree = BUILT_PRODUCTS_DIR; };
		C0016968282C4E1800523EFF /* Tests_iOS.swift */ = {isa = PBXFileReference; lastKnownFileType = sourcecode.swift; path = Tests_iOS.swift; sourceTree = "<group>"; };
		C001696A282C4E1800523EFF /* Tests_iOSLaunchTests.swift */ = {isa = PBXFileReference; lastKnownFileType = sourcecode.swift; path = Tests_iOSLaunchTests.swift; sourceTree = "<group>"; };
		C0016970282C4E1800523EFF /* Tests macOS.xctest */ = {isa = PBXFileReference; explicitFileType = wrapper.cfbundle; includeInIndex = 0; path = "Tests macOS.xctest"; sourceTree = BUILT_PRODUCTS_DIR; };
		C0016974282C4E1800523EFF /* Tests_macOS.swift */ = {isa = PBXFileReference; lastKnownFileType = sourcecode.swift; path = Tests_macOS.swift; sourceTree = "<group>"; };
		C0016976282C4E1800523EFF /* Tests_macOSLaunchTests.swift */ = {isa = PBXFileReference; lastKnownFileType = sourcecode.swift; path = Tests_macOSLaunchTests.swift; sourceTree = "<group>"; };
		C001698C282CB23F00523EFF /* ViewRouter.swift */ = {isa = PBXFileReference; lastKnownFileType = sourcecode.swift; path = ViewRouter.swift; sourceTree = "<group>"; };
		C001698F282CB46500523EFF /* SignUPView.swift */ = {isa = PBXFileReference; lastKnownFileType = sourcecode.swift; path = SignUPView.swift; sourceTree = "<group>"; };
		C0016992282CB4D000523EFF /* DashboardView.swift */ = {isa = PBXFileReference; lastKnownFileType = sourcecode.swift; path = DashboardView.swift; sourceTree = "<group>"; };
		C0016995282CD49D00523EFF /* DashboardHomeView.swift */ = {isa = PBXFileReference; lastKnownFileType = sourcecode.swift; path = DashboardHomeView.swift; sourceTree = "<group>"; };
		C001699D282D921E00523EFF /* DashboardHomeViewModel.swift */ = {isa = PBXFileReference; lastKnownFileType = sourcecode.swift; path = DashboardHomeViewModel.swift; sourceTree = "<group>"; };
		C00169A0282D92D300523EFF /* UBItem.swift */ = {isa = PBXFileReference; lastKnownFileType = sourcecode.swift; path = UBItem.swift; sourceTree = "<group>"; };
		C00169D6282E203800523EFF /* DashboardMyStuffView.swift */ = {isa = PBXFileReference; lastKnownFileType = sourcecode.swift; path = DashboardMyStuffView.swift; sourceTree = "<group>"; };
		C00169D9282E225900523EFF /* AddItemView.swift */ = {isa = PBXFileReference; lastKnownFileType = sourcecode.swift; path = AddItemView.swift; sourceTree = "<group>"; };
		C00169DC28317C1400523EFF /* URLParser.swift */ = {isa = PBXFileReference; lastKnownFileType = sourcecode.swift; path = URLParser.swift; sourceTree = "<group>"; };
		C00169E32836084400523EFF /* UserFeedModel.swift */ = {isa = PBXFileReference; lastKnownFileType = sourcecode.swift; path = UserFeedModel.swift; sourceTree = "<group>"; };
		C00169E62836086400523EFF /* FriendsFeedModel.swift */ = {isa = PBXFileReference; lastKnownFileType = sourcecode.swift; path = FriendsFeedModel.swift; sourceTree = "<group>"; };
		C00169E92838A65600523EFF /* UpdateItemView.swift */ = {isa = PBXFileReference; lastKnownFileType = sourcecode.swift; path = UpdateItemView.swift; sourceTree = "<group>"; };
		C00169EC2838A69F00523EFF /* ReadOnlyItemView.swift */ = {isa = PBXFileReference; lastKnownFileType = sourcecode.swift; path = ReadOnlyItemView.swift; sourceTree = "<group>"; };
/* End PBXFileReference section */

/* Begin PBXFrameworksBuildPhase section */
		C0016954282C4E1800523EFF /* Frameworks */ = {
			isa = PBXFrameworksBuildPhase;
			buildActionMask = 2147483647;
			files = (
				C00169E12831804E00523EFF /* SwiftSoup in Frameworks */,
			);
			runOnlyForDeploymentPostprocessing = 0;
		};
		C001695A282C4E1800523EFF /* Frameworks */ = {
			isa = PBXFrameworksBuildPhase;
			buildActionMask = 2147483647;
			files = (
			);
			runOnlyForDeploymentPostprocessing = 0;
		};
		C0016961282C4E1800523EFF /* Frameworks */ = {
			isa = PBXFrameworksBuildPhase;
			buildActionMask = 2147483647;
			files = (
			);
			runOnlyForDeploymentPostprocessing = 0;
		};
		C001696D282C4E1800523EFF /* Frameworks */ = {
			isa = PBXFrameworksBuildPhase;
			buildActionMask = 2147483647;
			files = (
			);
			runOnlyForDeploymentPostprocessing = 0;
		};
/* End PBXFrameworksBuildPhase section */

/* Begin PBXGroup section */
		C001694A282C4E1600523EFF = {
			isa = PBXGroup;
			children = (
				C001694F282C4E1600523EFF /* Shared */,
				C001695E282C4E1800523EFF /* macOS */,
				C0016967282C4E1800523EFF /* Tests iOS */,
				C0016973282C4E1800523EFF /* Tests macOS */,
				C0016958282C4E1800523EFF /* Products */,
			);
			sourceTree = "<group>";
		};
		C001694F282C4E1600523EFF /* Shared */ = {
			isa = PBXGroup;
			children = (
				C00169E2283607E300523EFF /* DataModels */,
				C001699C282D91F400523EFF /* Utils */,
				C001699B282D919600523EFF /* Protocols */,
				C001699A282D8D0000523EFF /* Resources */,
				C0016999282D8CE100523EFF /* ViewModels */,
				C0016998282D8CD200523EFF /* Views */,
				C0016950282C4E1600523EFF /* usebetterApp.swift */,
				C001698C282CB23F00523EFF /* ViewRouter.swift */,
				C0016952282C4E1800523EFF /* Assets.xcassets */,
			);
			path = Shared;
			sourceTree = "<group>";
		};
		C0016958282C4E1800523EFF /* Products */ = {
			isa = PBXGroup;
			children = (
				C0016957282C4E1800523EFF /* usebetter.app */,
				C001695D282C4E1800523EFF /* usebetter.app */,
				C0016964282C4E1800523EFF /* Tests iOS.xctest */,
				C0016970282C4E1800523EFF /* Tests macOS.xctest */,
			);
			name = Products;
			sourceTree = "<group>";
		};
		C001695E282C4E1800523EFF /* macOS */ = {
			isa = PBXGroup;
			children = (
				C001695F282C4E1800523EFF /* macOS.entitlements */,
			);
			path = macOS;
			sourceTree = "<group>";
		};
		C0016967282C4E1800523EFF /* Tests iOS */ = {
			isa = PBXGroup;
			children = (
				C0016968282C4E1800523EFF /* Tests_iOS.swift */,
				C001696A282C4E1800523EFF /* Tests_iOSLaunchTests.swift */,
			);
			path = "Tests iOS";
			sourceTree = "<group>";
		};
		C0016973282C4E1800523EFF /* Tests macOS */ = {
			isa = PBXGroup;
			children = (
				C0016974282C4E1800523EFF /* Tests_macOS.swift */,
				C0016976282C4E1800523EFF /* Tests_macOSLaunchTests.swift */,
			);
			path = "Tests macOS";
			sourceTree = "<group>";
		};
		C0016998282D8CD200523EFF /* Views */ = {
			isa = PBXGroup;
			children = (
				C0016951282C4E1600523EFF /* ContentView.swift */,
				C0016992282CB4D000523EFF /* DashboardView.swift */,
				C00169D6282E203800523EFF /* DashboardMyStuffView.swift */,
				C00169D9282E225900523EFF /* AddItemView.swift */,
				C00169E92838A65600523EFF /* UpdateItemView.swift */,
				C00169EC2838A69F00523EFF /* ReadOnlyItemView.swift */,
				C0016995282CD49D00523EFF /* DashboardHomeView.swift */,
				C001698F282CB46500523EFF /* SignUPView.swift */,
			);
			path = Views;
			sourceTree = "<group>";
		};
		C0016999282D8CE100523EFF /* ViewModels */ = {
			isa = PBXGroup;
			children = (
				C001699D282D921E00523EFF /* DashboardHomeViewModel.swift */,
			);
			path = ViewModels;
			sourceTree = "<group>";
		};
		C001699A282D8D0000523EFF /* Resources */ = {
			isa = PBXGroup;
			children = (
			);
			path = Resources;
			sourceTree = "<group>";
		};
		C001699B282D919600523EFF /* Protocols */ = {
			isa = PBXGroup;
			children = (
				C00169A0282D92D300523EFF /* UBItem.swift */,
			);
			path = Protocols;
			sourceTree = "<group>";
		};
		C001699C282D91F400523EFF /* Utils */ = {
			isa = PBXGroup;
			children = (
				C00169DC28317C1400523EFF /* URLParser.swift */,
			);
			path = Utils;
			sourceTree = "<group>";
		};
		C00169E2283607E300523EFF /* DataModels */ = {
			isa = PBXGroup;
			children = (
				C00169E32836084400523EFF /* UserFeedModel.swift */,
				C00169E62836086400523EFF /* FriendsFeedModel.swift */,
			);
			path = DataModels;
			sourceTree = "<group>";
		};
/* End PBXGroup section */

/* Begin PBXNativeTarget section */
		C0016956282C4E1800523EFF /* usebetter (iOS) */ = {
			isa = PBXNativeTarget;
			buildConfigurationList = C0016980282C4E1800523EFF /* Build configuration list for PBXNativeTarget "usebetter (iOS)" */;
			buildPhases = (
				C0016953282C4E1800523EFF /* Sources */,
				C0016954282C4E1800523EFF /* Frameworks */,
				C0016955282C4E1800523EFF /* Resources */,
			);
			buildRules = (
			);
			dependencies = (
			);
			name = "usebetter (iOS)";
			packageProductDependencies = (
				C00169E02831804E00523EFF /* SwiftSoup */,
			);
			productName = "usebetter (iOS)";
			productReference = C0016957282C4E1800523EFF /* usebetter.app */;
			productType = "com.apple.product-type.application";
		};
		C001695C282C4E1800523EFF /* usebetter (macOS) */ = {
			isa = PBXNativeTarget;
			buildConfigurationList = C0016983282C4E1800523EFF /* Build configuration list for PBXNativeTarget "usebetter (macOS)" */;
			buildPhases = (
				C0016959282C4E1800523EFF /* Sources */,
				C001695A282C4E1800523EFF /* Frameworks */,
				C001695B282C4E1800523EFF /* Resources */,
			);
			buildRules = (
			);
			dependencies = (
			);
			name = "usebetter (macOS)";
			productName = "usebetter (macOS)";
			productReference = C001695D282C4E1800523EFF /* usebetter.app */;
			productType = "com.apple.product-type.application";
		};
		C0016963282C4E1800523EFF /* Tests iOS */ = {
			isa = PBXNativeTarget;
			buildConfigurationList = C0016986282C4E1800523EFF /* Build configuration list for PBXNativeTarget "Tests iOS" */;
			buildPhases = (
				C0016960282C4E1800523EFF /* Sources */,
				C0016961282C4E1800523EFF /* Frameworks */,
				C0016962282C4E1800523EFF /* Resources */,
			);
			buildRules = (
			);
			dependencies = (
				C0016966282C4E1800523EFF /* PBXTargetDependency */,
			);
			name = "Tests iOS";
			productName = "Tests iOS";
			productReference = C0016964282C4E1800523EFF /* Tests iOS.xctest */;
			productType = "com.apple.product-type.bundle.ui-testing";
		};
		C001696F282C4E1800523EFF /* Tests macOS */ = {
			isa = PBXNativeTarget;
			buildConfigurationList = C0016989282C4E1800523EFF /* Build configuration list for PBXNativeTarget "Tests macOS" */;
			buildPhases = (
				C001696C282C4E1800523EFF /* Sources */,
				C001696D282C4E1800523EFF /* Frameworks */,
				C001696E282C4E1800523EFF /* Resources */,
			);
			buildRules = (
			);
			dependencies = (
				C0016972282C4E1800523EFF /* PBXTargetDependency */,
			);
			name = "Tests macOS";
			productName = "Tests macOS";
			productReference = C0016970282C4E1800523EFF /* Tests macOS.xctest */;
			productType = "com.apple.product-type.bundle.ui-testing";
		};
/* End PBXNativeTarget section */

/* Begin PBXProject section */
		C001694B282C4E1600523EFF /* Project object */ = {
			isa = PBXProject;
			attributes = {
				BuildIndependentTargetsInParallel = 1;
				LastSwiftUpdateCheck = 1330;
				LastUpgradeCheck = 1330;
				TargetAttributes = {
					C0016956282C4E1800523EFF = {
						CreatedOnToolsVersion = 13.3.1;
					};
					C001695C282C4E1800523EFF = {
						CreatedOnToolsVersion = 13.3.1;
					};
					C0016963282C4E1800523EFF = {
						CreatedOnToolsVersion = 13.3.1;
						TestTargetID = C0016956282C4E1800523EFF;
					};
					C001696F282C4E1800523EFF = {
						CreatedOnToolsVersion = 13.3.1;
						TestTargetID = C001695C282C4E1800523EFF;
					};
				};
			};
			buildConfigurationList = C001694E282C4E1600523EFF /* Build configuration list for PBXProject "usebetter" */;
			compatibilityVersion = "Xcode 13.0";
			developmentRegion = en;
			hasScannedForEncodings = 0;
			knownRegions = (
				en,
				Base,
			);
			mainGroup = C001694A282C4E1600523EFF;
			packageReferences = (
				C00169DF2831804E00523EFF /* XCRemoteSwiftPackageReference "SwiftSoup" */,
			);
			productRefGroup = C0016958282C4E1800523EFF /* Products */;
			projectDirPath = "";
			projectRoot = "";
			targets = (
				C0016956282C4E1800523EFF /* usebetter (iOS) */,
				C001695C282C4E1800523EFF /* usebetter (macOS) */,
				C0016963282C4E1800523EFF /* Tests iOS */,
				C001696F282C4E1800523EFF /* Tests macOS */,
			);
		};
/* End PBXProject section */

/* Begin PBXResourcesBuildPhase section */
		C0016955282C4E1800523EFF /* Resources */ = {
			isa = PBXResourcesBuildPhase;
			buildActionMask = 2147483647;
			files = (
				C001697C282C4E1800523EFF /* Assets.xcassets in Resources */,
			);
			runOnlyForDeploymentPostprocessing = 0;
		};
		C001695B282C4E1800523EFF /* Resources */ = {
			isa = PBXResourcesBuildPhase;
			buildActionMask = 2147483647;
			files = (
				C001697D282C4E1800523EFF /* Assets.xcassets in Resources */,
			);
			runOnlyForDeploymentPostprocessing = 0;
		};
		C0016962282C4E1800523EFF /* Resources */ = {
			isa = PBXResourcesBuildPhase;
			buildActionMask = 2147483647;
			files = (
			);
			runOnlyForDeploymentPostprocessing = 0;
		};
		C001696E282C4E1800523EFF /* Resources */ = {
			isa = PBXResourcesBuildPhase;
			buildActionMask = 2147483647;
			files = (
			);
			runOnlyForDeploymentPostprocessing = 0;
		};
/* End PBXResourcesBuildPhase section */

/* Begin PBXSourcesBuildPhase section */
		C0016953282C4E1800523EFF /* Sources */ = {
			isa = PBXSourcesBuildPhase;
			buildActionMask = 2147483647;
			files = (
				C0016996282CD49D00523EFF /* DashboardHomeView.swift in Sources */,
				C00169E72836086400523EFF /* FriendsFeedModel.swift in Sources */,
				C00169EA2838A65600523EFF /* UpdateItemView.swift in Sources */,
				C0016990282CB46500523EFF /* SignUPView.swift in Sources */,
				C001698D282CB23F00523EFF /* ViewRouter.swift in Sources */,
				C0016993282CB4D000523EFF /* DashboardView.swift in Sources */,
				C001697A282C4E1800523EFF /* ContentView.swift in Sources */,
				C00169A1282D92D300523EFF /* UBItem.swift in Sources */,
				C00169ED2838A69F00523EFF /* ReadOnlyItemView.swift in Sources */,
				C00169E42836084400523EFF /* UserFeedModel.swift in Sources */,
				C001699E282D921E00523EFF /* DashboardHomeViewModel.swift in Sources */,
				C0016978282C4E1800523EFF /* usebetterApp.swift in Sources */,
				C00169D7282E203800523EFF /* DashboardMyStuffView.swift in Sources */,
				C00169DD28317C1400523EFF /* URLParser.swift in Sources */,
				C00169DA282E225900523EFF /* AddItemView.swift in Sources */,
			);
			runOnlyForDeploymentPostprocessing = 0;
		};
		C0016959282C4E1800523EFF /* Sources */ = {
			isa = PBXSourcesBuildPhase;
			buildActionMask = 2147483647;
			files = (
				C0016997282CD49D00523EFF /* DashboardHomeView.swift in Sources */,
				C00169E82836086400523EFF /* FriendsFeedModel.swift in Sources */,
				C00169EB2838A65600523EFF /* UpdateItemView.swift in Sources */,
				C0016991282CB46500523EFF /* SignUPView.swift in Sources */,
				C001698E282CB23F00523EFF /* ViewRouter.swift in Sources */,
				C0016994282CB4D000523EFF /* DashboardView.swift in Sources */,
				C001697B282C4E1800523EFF /* ContentView.swift in Sources */,
				C00169A2282D92D300523EFF /* UBItem.swift in Sources */,
				C00169EE2838A69F00523EFF /* ReadOnlyItemView.swift in Sources */,
				C00169E52836084400523EFF /* UserFeedModel.swift in Sources */,
				C001699F282D921E00523EFF /* DashboardHomeViewModel.swift in Sources */,
				C0016979282C4E1800523EFF /* usebetterApp.swift in Sources */,
				C00169D8282E203800523EFF /* DashboardMyStuffView.swift in Sources */,
				C00169DE28317C1400523EFF /* URLParser.swift in Sources */,
				C00169DB282E225900523EFF /* AddItemView.swift in Sources */,
			);
			runOnlyForDeploymentPostprocessing = 0;
		};
		C0016960282C4E1800523EFF /* Sources */ = {
			isa = PBXSourcesBuildPhase;
			buildActionMask = 2147483647;
			files = (
				C001696B282C4E1800523EFF /* Tests_iOSLaunchTests.swift in Sources */,
				C0016969282C4E1800523EFF /* Tests_iOS.swift in Sources */,
			);
			runOnlyForDeploymentPostprocessing = 0;
		};
		C001696C282C4E1800523EFF /* Sources */ = {
			isa = PBXSourcesBuildPhase;
			buildActionMask = 2147483647;
			files = (
				C0016977282C4E1800523EFF /* Tests_macOSLaunchTests.swift in Sources */,
				C0016975282C4E1800523EFF /* Tests_macOS.swift in Sources */,
			);
			runOnlyForDeploymentPostprocessing = 0;
		};
/* End PBXSourcesBuildPhase section */

/* Begin PBXTargetDependency section */
		C0016966282C4E1800523EFF /* PBXTargetDependency */ = {
			isa = PBXTargetDependency;
			target = C0016956282C4E1800523EFF /* usebetter (iOS) */;
			targetProxy = C0016965282C4E1800523EFF /* PBXContainerItemProxy */;
		};
		C0016972282C4E1800523EFF /* PBXTargetDependency */ = {
			isa = PBXTargetDependency;
			target = C001695C282C4E1800523EFF /* usebetter (macOS) */;
			targetProxy = C0016971282C4E1800523EFF /* PBXContainerItemProxy */;
		};
/* End PBXTargetDependency section */

/* Begin XCBuildConfiguration section */
		C001697E282C4E1800523EFF /* Debug */ = {
			isa = XCBuildConfiguration;
			buildSettings = {
				ALWAYS_SEARCH_USER_PATHS = NO;
				CLANG_ANALYZER_NONNULL = YES;
				CLANG_ANALYZER_NUMBER_OBJECT_CONVERSION = YES_AGGRESSIVE;
				CLANG_CXX_LANGUAGE_STANDARD = "gnu++17";
				CLANG_ENABLE_MODULES = YES;
				CLANG_ENABLE_OBJC_ARC = YES;
				CLANG_ENABLE_OBJC_WEAK = YES;
				CLANG_WARN_BLOCK_CAPTURE_AUTORELEASING = YES;
				CLANG_WARN_BOOL_CONVERSION = YES;
				CLANG_WARN_COMMA = YES;
				CLANG_WARN_CONSTANT_CONVERSION = YES;
				CLANG_WARN_DEPRECATED_OBJC_IMPLEMENTATIONS = YES;
				CLANG_WARN_DIRECT_OBJC_ISA_USAGE = YES_ERROR;
				CLANG_WARN_DOCUMENTATION_COMMENTS = YES;
				CLANG_WARN_EMPTY_BODY = YES;
				CLANG_WARN_ENUM_CONVERSION = YES;
				CLANG_WARN_INFINITE_RECURSION = YES;
				CLANG_WARN_INT_CONVERSION = YES;
				CLANG_WARN_NON_LITERAL_NULL_CONVERSION = YES;
				CLANG_WARN_OBJC_IMPLICIT_RETAIN_SELF = YES;
				CLANG_WARN_OBJC_LITERAL_CONVERSION = YES;
				CLANG_WARN_OBJC_ROOT_CLASS = YES_ERROR;
				CLANG_WARN_QUOTED_INCLUDE_IN_FRAMEWORK_HEADER = YES;
				CLANG_WARN_RANGE_LOOP_ANALYSIS = YES;
				CLANG_WARN_STRICT_PROTOTYPES = YES;
				CLANG_WARN_SUSPICIOUS_MOVE = YES;
				CLANG_WARN_UNGUARDED_AVAILABILITY = YES_AGGRESSIVE;
				CLANG_WARN_UNREACHABLE_CODE = YES;
				CLANG_WARN__DUPLICATE_METHOD_MATCH = YES;
				COPY_PHASE_STRIP = NO;
				DEBUG_INFORMATION_FORMAT = dwarf;
				ENABLE_STRICT_OBJC_MSGSEND = YES;
				ENABLE_TESTABILITY = YES;
				GCC_C_LANGUAGE_STANDARD = gnu11;
				GCC_DYNAMIC_NO_PIC = NO;
				GCC_NO_COMMON_BLOCKS = YES;
				GCC_OPTIMIZATION_LEVEL = 0;
				GCC_PREPROCESSOR_DEFINITIONS = (
					"DEBUG=1",
					"$(inherited)",
				);
				GCC_WARN_64_TO_32_BIT_CONVERSION = YES;
				GCC_WARN_ABOUT_RETURN_TYPE = YES_ERROR;
				GCC_WARN_UNDECLARED_SELECTOR = YES;
				GCC_WARN_UNINITIALIZED_AUTOS = YES_AGGRESSIVE;
				GCC_WARN_UNUSED_FUNCTION = YES;
				GCC_WARN_UNUSED_VARIABLE = YES;
				MTL_ENABLE_DEBUG_INFO = INCLUDE_SOURCE;
				MTL_FAST_MATH = YES;
				ONLY_ACTIVE_ARCH = YES;
				SWIFT_ACTIVE_COMPILATION_CONDITIONS = DEBUG;
				SWIFT_OPTIMIZATION_LEVEL = "-Onone";
			};
			name = Debug;
		};
		C001697F282C4E1800523EFF /* Release */ = {
			isa = XCBuildConfiguration;
			buildSettings = {
				ALWAYS_SEARCH_USER_PATHS = NO;
				CLANG_ANALYZER_NONNULL = YES;
				CLANG_ANALYZER_NUMBER_OBJECT_CONVERSION = YES_AGGRESSIVE;
				CLANG_CXX_LANGUAGE_STANDARD = "gnu++17";
				CLANG_ENABLE_MODULES = YES;
				CLANG_ENABLE_OBJC_ARC = YES;
				CLANG_ENABLE_OBJC_WEAK = YES;
				CLANG_WARN_BLOCK_CAPTURE_AUTORELEASING = YES;
				CLANG_WARN_BOOL_CONVERSION = YES;
				CLANG_WARN_COMMA = YES;
				CLANG_WARN_CONSTANT_CONVERSION = YES;
				CLANG_WARN_DEPRECATED_OBJC_IMPLEMENTATIONS = YES;
				CLANG_WARN_DIRECT_OBJC_ISA_USAGE = YES_ERROR;
				CLANG_WARN_DOCUMENTATION_COMMENTS = YES;
				CLANG_WARN_EMPTY_BODY = YES;
				CLANG_WARN_ENUM_CONVERSION = YES;
				CLANG_WARN_INFINITE_RECURSION = YES;
				CLANG_WARN_INT_CONVERSION = YES;
				CLANG_WARN_NON_LITERAL_NULL_CONVERSION = YES;
				CLANG_WARN_OBJC_IMPLICIT_RETAIN_SELF = YES;
				CLANG_WARN_OBJC_LITERAL_CONVERSION = YES;
				CLANG_WARN_OBJC_ROOT_CLASS = YES_ERROR;
				CLANG_WARN_QUOTED_INCLUDE_IN_FRAMEWORK_HEADER = YES;
				CLANG_WARN_RANGE_LOOP_ANALYSIS = YES;
				CLANG_WARN_STRICT_PROTOTYPES = YES;
				CLANG_WARN_SUSPICIOUS_MOVE = YES;
				CLANG_WARN_UNGUARDED_AVAILABILITY = YES_AGGRESSIVE;
				CLANG_WARN_UNREACHABLE_CODE = YES;
				CLANG_WARN__DUPLICATE_METHOD_MATCH = YES;
				COPY_PHASE_STRIP = NO;
				DEBUG_INFORMATION_FORMAT = "dwarf-with-dsym";
				ENABLE_NS_ASSERTIONS = NO;
				ENABLE_STRICT_OBJC_MSGSEND = YES;
				GCC_C_LANGUAGE_STANDARD = gnu11;
				GCC_NO_COMMON_BLOCKS = YES;
				GCC_WARN_64_TO_32_BIT_CONVERSION = YES;
				GCC_WARN_ABOUT_RETURN_TYPE = YES_ERROR;
				GCC_WARN_UNDECLARED_SELECTOR = YES;
				GCC_WARN_UNINITIALIZED_AUTOS = YES_AGGRESSIVE;
				GCC_WARN_UNUSED_FUNCTION = YES;
				GCC_WARN_UNUSED_VARIABLE = YES;
				MTL_ENABLE_DEBUG_INFO = NO;
				MTL_FAST_MATH = YES;
				SWIFT_COMPILATION_MODE = wholemodule;
				SWIFT_OPTIMIZATION_LEVEL = "-O";
			};
			name = Release;
		};
		C0016981282C4E1800523EFF /* Debug */ = {
			isa = XCBuildConfiguration;
			buildSettings = {
				ASSETCATALOG_COMPILER_APPICON_NAME = AppIcon;
				ASSETCATALOG_COMPILER_GLOBAL_ACCENT_COLOR_NAME = AccentColor;
				CODE_SIGN_STYLE = Automatic;
				CURRENT_PROJECT_VERSION = 1;
				ENABLE_PREVIEWS = YES;
				GENERATE_INFOPLIST_FILE = YES;
				INFOPLIST_KEY_UIApplicationSceneManifest_Generation = YES;
				INFOPLIST_KEY_UIApplicationSupportsIndirectInputEvents = YES;
				INFOPLIST_KEY_UILaunchScreen_Generation = YES;
				INFOPLIST_KEY_UISupportedInterfaceOrientations_iPad = "UIInterfaceOrientationPortrait UIInterfaceOrientationPortraitUpsideDown UIInterfaceOrientationLandscapeLeft UIInterfaceOrientationLandscapeRight";
				INFOPLIST_KEY_UISupportedInterfaceOrientations_iPhone = "UIInterfaceOrientationPortrait UIInterfaceOrientationLandscapeLeft UIInterfaceOrientationLandscapeRight";
				IPHONEOS_DEPLOYMENT_TARGET = 15.4;
				LD_RUNPATH_SEARCH_PATHS = (
					"$(inherited)",
					"@executable_path/Frameworks",
				);
				MARKETING_VERSION = 1.0;
				PRODUCT_BUNDLE_IDENTIFIER = com.share.usebetter;
				PRODUCT_NAME = usebetter;
				SDKROOT = iphoneos;
				SWIFT_EMIT_LOC_STRINGS = YES;
				SWIFT_VERSION = 5.0;
				TARGETED_DEVICE_FAMILY = "1,2";
			};
			name = Debug;
		};
		C0016982282C4E1800523EFF /* Release */ = {
			isa = XCBuildConfiguration;
			buildSettings = {
				ASSETCATALOG_COMPILER_APPICON_NAME = AppIcon;
				ASSETCATALOG_COMPILER_GLOBAL_ACCENT_COLOR_NAME = AccentColor;
				CODE_SIGN_STYLE = Automatic;
				CURRENT_PROJECT_VERSION = 1;
				ENABLE_PREVIEWS = YES;
				GENERATE_INFOPLIST_FILE = YES;
				INFOPLIST_KEY_UIApplicationSceneManifest_Generation = YES;
				INFOPLIST_KEY_UIApplicationSupportsIndirectInputEvents = YES;
				INFOPLIST_KEY_UILaunchScreen_Generation = YES;
				INFOPLIST_KEY_UISupportedInterfaceOrientations_iPad = "UIInterfaceOrientationPortrait UIInterfaceOrientationPortraitUpsideDown UIInterfaceOrientationLandscapeLeft UIInterfaceOrientationLandscapeRight";
				INFOPLIST_KEY_UISupportedInterfaceOrientations_iPhone = "UIInterfaceOrientationPortrait UIInterfaceOrientationLandscapeLeft UIInterfaceOrientationLandscapeRight";
				IPHONEOS_DEPLOYMENT_TARGET = 15.4;
				LD_RUNPATH_SEARCH_PATHS = (
					"$(inherited)",
					"@executable_path/Frameworks",
				);
				MARKETING_VERSION = 1.0;
				PRODUCT_BUNDLE_IDENTIFIER = com.share.usebetter;
				PRODUCT_NAME = usebetter;
				SDKROOT = iphoneos;
				SWIFT_EMIT_LOC_STRINGS = YES;
				SWIFT_VERSION = 5.0;
				TARGETED_DEVICE_FAMILY = "1,2";
				VALIDATE_PRODUCT = YES;
			};
			name = Release;
		};
		C0016984282C4E1800523EFF /* Debug */ = {
			isa = XCBuildConfiguration;
			buildSettings = {
				ASSETCATALOG_COMPILER_APPICON_NAME = AppIcon;
				ASSETCATALOG_COMPILER_GLOBAL_ACCENT_COLOR_NAME = AccentColor;
				CODE_SIGN_ENTITLEMENTS = macOS/macOS.entitlements;
				CODE_SIGN_STYLE = Automatic;
				COMBINE_HIDPI_IMAGES = YES;
				CURRENT_PROJECT_VERSION = 1;
				ENABLE_PREVIEWS = YES;
				GENERATE_INFOPLIST_FILE = YES;
				INFOPLIST_KEY_NSHumanReadableCopyright = "";
				LD_RUNPATH_SEARCH_PATHS = (
					"$(inherited)",
					"@executable_path/../Frameworks",
				);
				MACOSX_DEPLOYMENT_TARGET = 12.3;
				MARKETING_VERSION = 1.0;
				PRODUCT_BUNDLE_IDENTIFIER = com.share.usebetter;
				PRODUCT_NAME = usebetter;
				SDKROOT = macosx;
				SWIFT_EMIT_LOC_STRINGS = YES;
				SWIFT_VERSION = 5.0;
			};
			name = Debug;
		};
		C0016985282C4E1800523EFF /* Release */ = {
			isa = XCBuildConfiguration;
			buildSettings = {
				ASSETCATALOG_COMPILER_APPICON_NAME = AppIcon;
				ASSETCATALOG_COMPILER_GLOBAL_ACCENT_COLOR_NAME = AccentColor;
				CODE_SIGN_ENTITLEMENTS = macOS/macOS.entitlements;
				CODE_SIGN_STYLE = Automatic;
				COMBINE_HIDPI_IMAGES = YES;
				CURRENT_PROJECT_VERSION = 1;
				ENABLE_PREVIEWS = YES;
				GENERATE_INFOPLIST_FILE = YES;
				INFOPLIST_KEY_NSHumanReadableCopyright = "";
				LD_RUNPATH_SEARCH_PATHS = (
					"$(inherited)",
					"@executable_path/../Frameworks",
				);
				MACOSX_DEPLOYMENT_TARGET = 12.3;
				MARKETING_VERSION = 1.0;
				PRODUCT_BUNDLE_IDENTIFIER = com.share.usebetter;
				PRODUCT_NAME = usebetter;
				SDKROOT = macosx;
				SWIFT_EMIT_LOC_STRINGS = YES;
				SWIFT_VERSION = 5.0;
			};
			name = Release;
		};
		C0016987282C4E1800523EFF /* Debug */ = {
			isa = XCBuildConfiguration;
			buildSettings = {
				ALWAYS_EMBED_SWIFT_STANDARD_LIBRARIES = YES;
				CODE_SIGN_STYLE = Automatic;
				CURRENT_PROJECT_VERSION = 1;
				GENERATE_INFOPLIST_FILE = YES;
				IPHONEOS_DEPLOYMENT_TARGET = 15.4;
				MARKETING_VERSION = 1.0;
				PRODUCT_BUNDLE_IDENTIFIER = "com.share.Tests-iOS";
				PRODUCT_NAME = "$(TARGET_NAME)";
				SDKROOT = iphoneos;
				SWIFT_EMIT_LOC_STRINGS = NO;
				SWIFT_VERSION = 5.0;
				TARGETED_DEVICE_FAMILY = "1,2";
				TEST_TARGET_NAME = "usebetter (iOS)";
			};
			name = Debug;
		};
		C0016988282C4E1800523EFF /* Release */ = {
			isa = XCBuildConfiguration;
			buildSettings = {
				ALWAYS_EMBED_SWIFT_STANDARD_LIBRARIES = YES;
				CODE_SIGN_STYLE = Automatic;
				CURRENT_PROJECT_VERSION = 1;
				GENERATE_INFOPLIST_FILE = YES;
				IPHONEOS_DEPLOYMENT_TARGET = 15.4;
				MARKETING_VERSION = 1.0;
				PRODUCT_BUNDLE_IDENTIFIER = "com.share.Tests-iOS";
				PRODUCT_NAME = "$(TARGET_NAME)";
				SDKROOT = iphoneos;
				SWIFT_EMIT_LOC_STRINGS = NO;
				SWIFT_VERSION = 5.0;
				TARGETED_DEVICE_FAMILY = "1,2";
				TEST_TARGET_NAME = "usebetter (iOS)";
				VALIDATE_PRODUCT = YES;
			};
			name = Release;
		};
		C001698A282C4E1800523EFF /* Debug */ = {
			isa = XCBuildConfiguration;
			buildSettings = {
				ALWAYS_EMBED_SWIFT_STANDARD_LIBRARIES = YES;
				CODE_SIGN_STYLE = Automatic;
				CURRENT_PROJECT_VERSION = 1;
				GENERATE_INFOPLIST_FILE = YES;
				MACOSX_DEPLOYMENT_TARGET = 12.3;
				MARKETING_VERSION = 1.0;
				PRODUCT_BUNDLE_IDENTIFIER = "com.share.Tests-macOS";
				PRODUCT_NAME = "$(TARGET_NAME)";
				SDKROOT = macosx;
				SWIFT_EMIT_LOC_STRINGS = NO;
				SWIFT_VERSION = 5.0;
				TEST_TARGET_NAME = "usebetter (macOS)";
			};
			name = Debug;
		};
		C001698B282C4E1800523EFF /* Release */ = {
			isa = XCBuildConfiguration;
			buildSettings = {
				ALWAYS_EMBED_SWIFT_STANDARD_LIBRARIES = YES;
				CODE_SIGN_STYLE = Automatic;
				CURRENT_PROJECT_VERSION = 1;
				GENERATE_INFOPLIST_FILE = YES;
				MACOSX_DEPLOYMENT_TARGET = 12.3;
				MARKETING_VERSION = 1.0;
				PRODUCT_BUNDLE_IDENTIFIER = "com.share.Tests-macOS";
				PRODUCT_NAME = "$(TARGET_NAME)";
				SDKROOT = macosx;
				SWIFT_EMIT_LOC_STRINGS = NO;
				SWIFT_VERSION = 5.0;
				TEST_TARGET_NAME = "usebetter (macOS)";
			};
			name = Release;
		};
/* End XCBuildConfiguration section */

/* Begin XCConfigurationList section */
		C001694E282C4E1600523EFF /* Build configuration list for PBXProject "usebetter" */ = {
			isa = XCConfigurationList;
			buildConfigurations = (
				C001697E282C4E1800523EFF /* Debug */,
				C001697F282C4E1800523EFF /* Release */,
			);
			defaultConfigurationIsVisible = 0;
			defaultConfigurationName = Release;
		};
		C0016980282C4E1800523EFF /* Build configuration list for PBXNativeTarget "usebetter (iOS)" */ = {
			isa = XCConfigurationList;
			buildConfigurations = (
				C0016981282C4E1800523EFF /* Debug */,
				C0016982282C4E1800523EFF /* Release */,
			);
			defaultConfigurationIsVisible = 0;
			defaultConfigurationName = Release;
		};
		C0016983282C4E1800523EFF /* Build configuration list for PBXNativeTarget "usebetter (macOS)" */ = {
			isa = XCConfigurationList;
			buildConfigurations = (
				C0016984282C4E1800523EFF /* Debug */,
				C0016985282C4E1800523EFF /* Release */,
			);
			defaultConfigurationIsVisible = 0;
			defaultConfigurationName = Release;
		};
		C0016986282C4E1800523EFF /* Build configuration list for PBXNativeTarget "Tests iOS" */ = {
			isa = XCConfigurationList;
			buildConfigurations = (
				C0016987282C4E1800523EFF /* Debug */,
				C0016988282C4E1800523EFF /* Release */,
			);
			defaultConfigurationIsVisible = 0;
			defaultConfigurationName = Release;
		};
		C0016989282C4E1800523EFF /* Build configuration list for PBXNativeTarget "Tests macOS" */ = {
			isa = XCConfigurationList;
			buildConfigurations = (
				C001698A282C4E1800523EFF /* Debug */,
				C001698B282C4E1800523EFF /* Release */,
			);
			defaultConfigurationIsVisible = 0;
			defaultConfigurationName = Release;
		};
/* End XCConfigurationList section */

/* Begin XCRemoteSwiftPackageReference section */
		C00169DF2831804E00523EFF /* XCRemoteSwiftPackageReference "SwiftSoup" */ = {
			isa = XCRemoteSwiftPackageReference;
			repositoryURL = "https://github.com/scinfu/SwiftSoup.git";
			requirement = {
				kind = upToNextMajorVersion;
				minimumVersion = 2.0.0;
			};
		};
/* End XCRemoteSwiftPackageReference section */

/* Begin XCSwiftPackageProductDependency section */
		C00169E02831804E00523EFF /* SwiftSoup */ = {
			isa = XCSwiftPackageProductDependency;
			package = C00169DF2831804E00523EFF /* XCRemoteSwiftPackageReference "SwiftSoup" */;
			productName = SwiftSoup;
		};
/* End XCSwiftPackageProductDependency section */
	};
	rootObject = C001694B282C4E1600523EFF /* Project object */;
}
